// !$*UTF8*$!
{
	archiveVersion = 1;
	classes = {
	};
	objectVersion = 50;
	objects = {

/* Begin PBXBuildFile section */
		5E10695D2140314200184A1E /* Database.swift in Sources */ = {isa = PBXBuildFile; fileRef = 5ED107FB213D5031001A6752 /* Database.swift */; };
		5E19A50A214CE16200D2C358 /* SwitchTableViewCell.swift in Sources */ = {isa = PBXBuildFile; fileRef = 5E19A509214CE16200D2C358 /* SwitchTableViewCell.swift */; };
		5E19A50C214CE17000D2C358 /* NameValueTableViewCell.swift in Sources */ = {isa = PBXBuildFile; fileRef = 5E19A50B214CE17000D2C358 /* NameValueTableViewCell.swift */; };
		5E19A50E214CE1F700D2C358 /* NetlogTableViewCell.swift in Sources */ = {isa = PBXBuildFile; fileRef = 5E19A50D214CE1F700D2C358 /* NetlogTableViewCell.swift */; };
		5E19A510214CE25300D2C358 /* VPNTableViewController.swift in Sources */ = {isa = PBXBuildFile; fileRef = 5E19A50F214CE25300D2C358 /* VPNTableViewController.swift */; };
		5E19A512214CE26100D2C358 /* PerAppProxyTableViewController.swift in Sources */ = {isa = PBXBuildFile; fileRef = 5E19A511214CE26100D2C358 /* PerAppProxyTableViewController.swift */; };
		5E19A514214CE26E00D2C358 /* VPNConfigurationTableViewController.swift in Sources */ = {isa = PBXBuildFile; fileRef = 5E19A513214CE26E00D2C358 /* VPNConfigurationTableViewController.swift */; };
		5E19A518214CE2EF00D2C358 /* PerAppProxyConfigurationTableViewController.swift in Sources */ = {isa = PBXBuildFile; fileRef = 5E19A517214CE2EF00D2C358 /* PerAppProxyConfigurationTableViewController.swift */; };
		5E19A51A214CE84300D2C358 /* ButtonTableViewCell.swift in Sources */ = {isa = PBXBuildFile; fileRef = 5E19A519214CE84300D2C358 /* ButtonTableViewCell.swift */; };
		5E19A51C214E29EB00D2C358 /* ImageLabelTableViewCell.swift in Sources */ = {isa = PBXBuildFile; fileRef = 5E19A51B214E29EB00D2C358 /* ImageLabelTableViewCell.swift */; };
		5E19A520214E329700D2C358 /* VPNDetailTableViewController.swift in Sources */ = {isa = PBXBuildFile; fileRef = 5E19A51F214E329700D2C358 /* VPNDetailTableViewController.swift */; };
		5E19A522214E3AA000D2C358 /* VPNConfiguration.swift in Sources */ = {isa = PBXBuildFile; fileRef = 5E19A521214E3AA000D2C358 /* VPNConfiguration.swift */; };
		5E19A524214E3AC000D2C358 /* utils.swift in Sources */ = {isa = PBXBuildFile; fileRef = 5E19A523214E3AC000D2C358 /* utils.swift */; };
		5E222C87212DA9D6006FC341 /* ClientTunnel.swift in Sources */ = {isa = PBXBuildFile; fileRef = 5E222C86212DA9D6006FC341 /* ClientTunnel.swift */; };
		5E222C89212DAD51006FC341 /* Tunnel.swift in Sources */ = {isa = PBXBuildFile; fileRef = 5E222C88212DAD51006FC341 /* Tunnel.swift */; };
		5E222C8B212FD2DC006FC341 /* Connection.swift in Sources */ = {isa = PBXBuildFile; fileRef = 5E222C8A212FD2DC006FC341 /* Connection.swift */; };
		5E222C8E21302BA1006FC341 /* ClientTunnelConnection.swift in Sources */ = {isa = PBXBuildFile; fileRef = 5E222C8D21302BA1006FC341 /* ClientTunnelConnection.swift */; };
		5E24CB4E213181E000E909D5 /* ClientAppProxyConnection.swift in Sources */ = {isa = PBXBuildFile; fileRef = 5E24CB4D213181E000E909D5 /* ClientAppProxyConnection.swift */; };
		5E24CB4F213182A400E909D5 /* NetworkExtension.framework in Frameworks */ = {isa = PBXBuildFile; fileRef = 5E440AD2212DA3F600778393 /* NetworkExtension.framework */; };
		5E4409C8212BE35000778393 /* AppDelegate.swift in Sources */ = {isa = PBXBuildFile; fileRef = 5E4409C7212BE35000778393 /* AppDelegate.swift */; };
		5E4409CD212BE35000778393 /* Main.storyboard in Resources */ = {isa = PBXBuildFile; fileRef = 5E4409CB212BE35000778393 /* Main.storyboard */; };
		5E4409CF212BE35200778393 /* Assets.xcassets in Resources */ = {isa = PBXBuildFile; fileRef = 5E4409CE212BE35200778393 /* Assets.xcassets */; };
		5E4409D2212BE35200778393 /* LaunchScreen.storyboard in Resources */ = {isa = PBXBuildFile; fileRef = 5E4409D0212BE35200778393 /* LaunchScreen.storyboard */; };
		5E440A68212D94C000778393 /* AppProxyProvider.swift in Sources */ = {isa = PBXBuildFile; fileRef = 5E440A67212D94C000778393 /* AppProxyProvider.swift */; };
		5E440A6D212D94C000778393 /* appProxy.appex in Embed App Extensions */ = {isa = PBXBuildFile; fileRef = 5E440A65212D94BF00778393 /* appProxy.appex */; settings = {ATTRIBUTES = (RemoveHeadersOnCopy, ); }; };
		5E440A78212D94DB00778393 /* PacketTunnelProvider.swift in Sources */ = {isa = PBXBuildFile; fileRef = 5E440A77212D94DB00778393 /* PacketTunnelProvider.swift */; };
		5E440A7D212D94DB00778393 /* packetTunnel.appex in Embed App Extensions */ = {isa = PBXBuildFile; fileRef = 5E440A75212D94DB00778393 /* packetTunnel.appex */; settings = {ATTRIBUTES = (RemoveHeadersOnCopy, ); }; };
		5E440AC6212D9BB700778393 /* testVPNServices.h in Headers */ = {isa = PBXBuildFile; fileRef = 5E440AC4212D9BB700778393 /* testVPNServices.h */; settings = {ATTRIBUTES = (Public, ); }; };
		5E440ACA212D9BB700778393 /* testVPNServices.framework in Embed Frameworks */ = {isa = PBXBuildFile; fileRef = 5E440AC2212D9BB700778393 /* testVPNServices.framework */; settings = {ATTRIBUTES = (CodeSignOnCopy, RemoveHeadersOnCopy, ); }; };
		5E440AD1212D9CAD00778393 /* util.swift in Sources */ = {isa = PBXBuildFile; fileRef = 5E440AD0212D9CAD00778393 /* util.swift */; };
		5E440AD3212DA3F600778393 /* NetworkExtension.framework in Frameworks */ = {isa = PBXBuildFile; fileRef = 5E440AD2212DA3F600778393 /* NetworkExtension.framework */; };
		5E440AD4212DA66000778393 /* NetworkExtension.framework in Frameworks */ = {isa = PBXBuildFile; fileRef = 5E440AD2212DA3F600778393 /* NetworkExtension.framework */; };
		5E52EABF2188A555009DD858 /* CocoaAsyncSocket.framework in Frameworks */ = {isa = PBXBuildFile; fileRef = 5E52EABD2188A222009DD858 /* CocoaAsyncSocket.framework */; };
		5E577E1621BA2FB400CA82E4 /* Reachability.swift in Sources */ = {isa = PBXBuildFile; fileRef = 5E577E1521BA2FB400CA82E4 /* Reachability.swift */; };
		5E577E1721BA302F00CA82E4 /* Reachability.swift in Sources */ = {isa = PBXBuildFile; fileRef = 5E577E1521BA2FB400CA82E4 /* Reachability.swift */; };
		5E61941B214FC7EA00FE8C6A /* NetlogsTableViewController.swift in Sources */ = {isa = PBXBuildFile; fileRef = 5E61941A214FC7EA00FE8C6A /* NetlogsTableViewController.swift */; };
		5E6FA3FA21AE53960001DEF2 /* SQLite.framework in Frameworks */ = {isa = PBXBuildFile; fileRef = 5ED10894213E31B6001A6752 /* SQLite.framework */; };
		5E815393218ED1DE003F4163 /* SOCKS5Enums.swift in Sources */ = {isa = PBXBuildFile; fileRef = 5E815392218ED1DE003F4163 /* SOCKS5Enums.swift */; };
		5E98A04721B3EA3D0002B1B4 /* locationTracker.swift in Sources */ = {isa = PBXBuildFile; fileRef = 5E98A04621B3EA3D0002B1B4 /* locationTracker.swift */; };
		5EB87C2021B2B7DE007B94DD /* BMKLocationKit.framework in Frameworks */ = {isa = PBXBuildFile; fileRef = 5EB87C1821B2B7DE007B94DD /* BMKLocationKit.framework */; };
		5EB87C2221B2B817007B94DD /* CoreLocation.framework in Frameworks */ = {isa = PBXBuildFile; fileRef = 5EB87C2121B2B817007B94DD /* CoreLocation.framework */; };
		5EB87C2421B2B84D007B94DD /* SystemConfiguration.framework in Frameworks */ = {isa = PBXBuildFile; fileRef = 5EB87C2321B2B84D007B94DD /* SystemConfiguration.framework */; };
		5EB87C2621B2B857007B94DD /* Security.framework in Frameworks */ = {isa = PBXBuildFile; fileRef = 5EB87C2521B2B857007B94DD /* Security.framework */; };
		5EB87C2821B2B869007B94DD /* libsqlite3.0.tbd in Frameworks */ = {isa = PBXBuildFile; fileRef = 5EB87C2721B2B869007B94DD /* libsqlite3.0.tbd */; };
		5EB87C2A21B2B876007B94DD /* CoreTelephony.framework in Frameworks */ = {isa = PBXBuildFile; fileRef = 5EB87C2921B2B875007B94DD /* CoreTelephony.framework */; };
		5EB87C2C21B2B892007B94DD /* libc++.tbd in Frameworks */ = {isa = PBXBuildFile; fileRef = 5EB87C2B21B2B892007B94DD /* libc++.tbd */; };
		5EB87C2E21B2B89E007B94DD /* AdSupport.framework in Frameworks */ = {isa = PBXBuildFile; fileRef = 5EB87C2D21B2B89E007B94DD /* AdSupport.framework */; };
		5EB87C3521B2BF84007B94DD /* TableViewController.swift in Sources */ = {isa = PBXBuildFile; fileRef = 5EB87C3421B2BF84007B94DD /* TableViewController.swift */; };
		5EBD87B421312BF300918CC9 /* main.swift in Sources */ = {isa = PBXBuildFile; fileRef = 5EBD87B321312BF300918CC9 /* main.swift */; };
		5EBD87BA21312C4000918CC9 /* AddressPool.swift in Sources */ = {isa = PBXBuildFile; fileRef = 5EBD87B921312C4000918CC9 /* AddressPool.swift */; };
		5EBD87BC21312C5400918CC9 /* ServerConfiguration.swift in Sources */ = {isa = PBXBuildFile; fileRef = 5EBD87BB21312C5400918CC9 /* ServerConfiguration.swift */; };
		5EBD87BE21312C6200918CC9 /* ServerConnection.swift in Sources */ = {isa = PBXBuildFile; fileRef = 5EBD87BD21312C6200918CC9 /* ServerConnection.swift */; };
		5EBD87C021312C6C00918CC9 /* ServerTunnel.swift in Sources */ = {isa = PBXBuildFile; fileRef = 5EBD87BF21312C6C00918CC9 /* ServerTunnel.swift */; };
		5EBD87C321312CAE00918CC9 /* ServerUtils.m in Sources */ = {isa = PBXBuildFile; fileRef = 5EBD87C221312CAE00918CC9 /* ServerUtils.m */; };
		5EBD87C621312CD800918CC9 /* ServerTunnelConnection.swift in Sources */ = {isa = PBXBuildFile; fileRef = 5EBD87C521312CD800918CC9 /* ServerTunnelConnection.swift */; };
		5EBD87C821312CEA00918CC9 /* UDPServerConnection.swift in Sources */ = {isa = PBXBuildFile; fileRef = 5EBD87C721312CEA00918CC9 /* UDPServerConnection.swift */; };
		5EBD87C921312E1D00918CC9 /* Tunnel.swift in Sources */ = {isa = PBXBuildFile; fileRef = 5E222C88212DAD51006FC341 /* Tunnel.swift */; };
		5EBD87CA21312E1D00918CC9 /* Connection.swift in Sources */ = {isa = PBXBuildFile; fileRef = 5E222C8A212FD2DC006FC341 /* Connection.swift */; };
		5EBD87CB21312E2A00918CC9 /* util.swift in Sources */ = {isa = PBXBuildFile; fileRef = 5E440AD0212D9CAD00778393 /* util.swift */; };
		5ED107FC213D5031001A6752 /* Database.swift in Sources */ = {isa = PBXBuildFile; fileRef = 5ED107FB213D5031001A6752 /* Database.swift */; };
		5ED10805213D64F4001A6752 /* SQLite.framework in Frameworks */ = {isa = PBXBuildFile; fileRef = 5ED10804213D64F4001A6752 /* SQLite.framework */; settings = {ATTRIBUTES = (Required, ); }; };
		5ED108A1213E31C3001A6752 /* SQLite.framework in Frameworks */ = {isa = PBXBuildFile; fileRef = 5ED10884213E31B6001A6752 /* SQLite.framework */; settings = {ATTRIBUTES = (Required, ); }; };
		5ED108A4213E3E55001A6752 /* Database.swift in Sources */ = {isa = PBXBuildFile; fileRef = 5ED107FB213D5031001A6752 /* Database.swift */; };
		5ED108A6213EAF79001A6752 /* testVPNServices-Bridging-Header.h in Sources */ = {isa = PBXBuildFile; fileRef = 5ED108A5213EAEB6001A6752 /* testVPNServices-Bridging-Header.h */; };
/* End PBXBuildFile section */

/* Begin PBXContainerItemProxy section */
		5E222C8F21302D2E006FC341 /* PBXContainerItemProxy */ = {
			isa = PBXContainerItemProxy;
			containerPortal = 5E4409BC212BE35000778393 /* Project object */;
			proxyType = 1;
			remoteGlobalIDString = 5E440AC1212D9BB700778393;
			remoteInfo = testVPNServices;
		};
		5E24CB50213182D900E909D5 /* PBXContainerItemProxy */ = {
			isa = PBXContainerItemProxy;
			containerPortal = 5E4409BC212BE35000778393 /* Project object */;
			proxyType = 1;
			remoteGlobalIDString = 5E440AC1212D9BB700778393;
			remoteInfo = testVPNServices;
		};
		5E440A6B212D94C000778393 /* PBXContainerItemProxy */ = {
			isa = PBXContainerItemProxy;
			containerPortal = 5E4409BC212BE35000778393 /* Project object */;
			proxyType = 1;
			remoteGlobalIDString = 5E440A64212D94BF00778393;
			remoteInfo = appProxy;
		};
		5E440A7B212D94DB00778393 /* PBXContainerItemProxy */ = {
			isa = PBXContainerItemProxy;
			containerPortal = 5E4409BC212BE35000778393 /* Project object */;
			proxyType = 1;
			remoteGlobalIDString = 5E440A74212D94DB00778393;
			remoteInfo = packetTunnel;
		};
		5E440AC7212D9BB700778393 /* PBXContainerItemProxy */ = {
			isa = PBXContainerItemProxy;
			containerPortal = 5E4409BC212BE35000778393 /* Project object */;
			proxyType = 1;
			remoteGlobalIDString = 5E440AC1212D9BB700778393;
			remoteInfo = testVPNServices;
		};
		5ED10893213E31B6001A6752 /* PBXContainerItemProxy */ = {
			isa = PBXContainerItemProxy;
			containerPortal = 5ED1084E213E31B6001A6752 /* SQLite.xcodeproj */;
			proxyType = 2;
			remoteGlobalIDString = EE247AD31C3F04ED00AE3E12;
			remoteInfo = "SQLite iOS";
		};
		5ED10895213E31B6001A6752 /* PBXContainerItemProxy */ = {
			isa = PBXContainerItemProxy;
			containerPortal = 5ED1084E213E31B6001A6752 /* SQLite.xcodeproj */;
			proxyType = 2;
			remoteGlobalIDString = EE247ADD1C3F04ED00AE3E12;
			remoteInfo = "SQLiteTests iOS";
		};
		5ED10897213E31B6001A6752 /* PBXContainerItemProxy */ = {
			isa = PBXContainerItemProxy;
			containerPortal = 5ED1084E213E31B6001A6752 /* SQLite.xcodeproj */;
			proxyType = 2;
			remoteGlobalIDString = EE247B3C1C3F3ED000AE3E12;
			remoteInfo = "SQLite Mac";
		};
		5ED10899213E31B6001A6752 /* PBXContainerItemProxy */ = {
			isa = PBXContainerItemProxy;
			containerPortal = 5ED1084E213E31B6001A6752 /* SQLite.xcodeproj */;
			proxyType = 2;
			remoteGlobalIDString = EE247B451C3F3ED000AE3E12;
			remoteInfo = "SQLiteTests Mac";
		};
		5ED1089B213E31B6001A6752 /* PBXContainerItemProxy */ = {
			isa = PBXContainerItemProxy;
			containerPortal = 5ED1084E213E31B6001A6752 /* SQLite.xcodeproj */;
			proxyType = 2;
			remoteGlobalIDString = 03A65E5A1C6BB0F50062603F;
			remoteInfo = "SQLite tvOS";
		};
		5ED1089D213E31B6001A6752 /* PBXContainerItemProxy */ = {
			isa = PBXContainerItemProxy;
			containerPortal = 5ED1084E213E31B6001A6752 /* SQLite.xcodeproj */;
			proxyType = 2;
			remoteGlobalIDString = 03A65E631C6BB0F60062603F;
			remoteInfo = "SQLiteTests tvOS";
		};
		5ED1089F213E31B6001A6752 /* PBXContainerItemProxy */ = {
			isa = PBXContainerItemProxy;
			containerPortal = 5ED1084E213E31B6001A6752 /* SQLite.xcodeproj */;
			proxyType = 2;
			remoteGlobalIDString = A121AC451CA35C79005A31D1;
			remoteInfo = "SQLite watchOS";
		};
/* End PBXContainerItemProxy section */

/* Begin PBXCopyFilesBuildPhase section */
		5E4409EF212BE42400778393 /* Embed App Extensions */ = {
			isa = PBXCopyFilesBuildPhase;
			buildActionMask = 2147483647;
			dstPath = "";
			dstSubfolderSpec = 13;
			files = (
				5E440A7D212D94DB00778393 /* packetTunnel.appex in Embed App Extensions */,
				5E440A6D212D94C000778393 /* appProxy.appex in Embed App Extensions */,
			);
			name = "Embed App Extensions";
			runOnlyForDeploymentPostprocessing = 0;
		};
		5E440A97212D980500778393 /* Embed Frameworks */ = {
			isa = PBXCopyFilesBuildPhase;
			buildActionMask = 2147483647;
			dstPath = "";
			dstSubfolderSpec = 10;
			files = (
				5E440ACA212D9BB700778393 /* testVPNServices.framework in Embed Frameworks */,
			);
			name = "Embed Frameworks";
			runOnlyForDeploymentPostprocessing = 0;
		};
		5EBD87AF21312BF300918CC9 /* CopyFiles */ = {
			isa = PBXCopyFilesBuildPhase;
			buildActionMask = 2147483647;
			dstPath = /usr/share/man/man1/;
			dstSubfolderSpec = 0;
			files = (
			);
			runOnlyForDeploymentPostprocessing = 1;
		};
/* End PBXCopyFilesBuildPhase section */

/* Begin PBXFileReference section */
		5E11DE3A21915CFB0010A3AE /* crash.md */ = {isa = PBXFileReference; lastKnownFileType = net.daringfireball.markdown; path = crash.md; sourceTree = "<group>"; };
		5E19A509214CE16200D2C358 /* SwitchTableViewCell.swift */ = {isa = PBXFileReference; lastKnownFileType = sourcecode.swift; path = SwitchTableViewCell.swift; sourceTree = "<group>"; };
		5E19A50B214CE17000D2C358 /* NameValueTableViewCell.swift */ = {isa = PBXFileReference; lastKnownFileType = sourcecode.swift; path = NameValueTableViewCell.swift; sourceTree = "<group>"; };
		5E19A50D214CE1F700D2C358 /* NetlogTableViewCell.swift */ = {isa = PBXFileReference; lastKnownFileType = sourcecode.swift; path = NetlogTableViewCell.swift; sourceTree = "<group>"; };
		5E19A50F214CE25300D2C358 /* VPNTableViewController.swift */ = {isa = PBXFileReference; lastKnownFileType = sourcecode.swift; path = VPNTableViewController.swift; sourceTree = "<group>"; };
		5E19A511214CE26100D2C358 /* PerAppProxyTableViewController.swift */ = {isa = PBXFileReference; lastKnownFileType = sourcecode.swift; path = PerAppProxyTableViewController.swift; sourceTree = "<group>"; };
		5E19A513214CE26E00D2C358 /* VPNConfigurationTableViewController.swift */ = {isa = PBXFileReference; lastKnownFileType = sourcecode.swift; path = VPNConfigurationTableViewController.swift; sourceTree = "<group>"; };
		5E19A517214CE2EF00D2C358 /* PerAppProxyConfigurationTableViewController.swift */ = {isa = PBXFileReference; lastKnownFileType = sourcecode.swift; path = PerAppProxyConfigurationTableViewController.swift; sourceTree = "<group>"; };
		5E19A519214CE84300D2C358 /* ButtonTableViewCell.swift */ = {isa = PBXFileReference; lastKnownFileType = sourcecode.swift; path = ButtonTableViewCell.swift; sourceTree = "<group>"; };
		5E19A51B214E29EB00D2C358 /* ImageLabelTableViewCell.swift */ = {isa = PBXFileReference; lastKnownFileType = sourcecode.swift; path = ImageLabelTableViewCell.swift; sourceTree = "<group>"; };
		5E19A51F214E329700D2C358 /* VPNDetailTableViewController.swift */ = {isa = PBXFileReference; lastKnownFileType = sourcecode.swift; path = VPNDetailTableViewController.swift; sourceTree = "<group>"; };
		5E19A521214E3AA000D2C358 /* VPNConfiguration.swift */ = {isa = PBXFileReference; lastKnownFileType = sourcecode.swift; path = VPNConfiguration.swift; sourceTree = "<group>"; };
		5E19A523214E3AC000D2C358 /* utils.swift */ = {isa = PBXFileReference; lastKnownFileType = sourcecode.swift; path = utils.swift; sourceTree = "<group>"; };
		5E222C86212DA9D6006FC341 /* ClientTunnel.swift */ = {isa = PBXFileReference; lastKnownFileType = sourcecode.swift; path = ClientTunnel.swift; sourceTree = "<group>"; };
		5E222C88212DAD51006FC341 /* Tunnel.swift */ = {isa = PBXFileReference; lastKnownFileType = sourcecode.swift; path = Tunnel.swift; sourceTree = "<group>"; };
		5E222C8A212FD2DC006FC341 /* Connection.swift */ = {isa = PBXFileReference; lastKnownFileType = sourcecode.swift; path = Connection.swift; sourceTree = "<group>"; };
		5E222C8C212FF3CE006FC341 /* README.md */ = {isa = PBXFileReference; lastKnownFileType = net.daringfireball.markdown; path = README.md; sourceTree = "<group>"; };
		5E222C8D21302BA1006FC341 /* ClientTunnelConnection.swift */ = {isa = PBXFileReference; lastKnownFileType = sourcecode.swift; path = ClientTunnelConnection.swift; sourceTree = "<group>"; };
		5E24CB4D213181E000E909D5 /* ClientAppProxyConnection.swift */ = {isa = PBXFileReference; lastKnownFileType = sourcecode.swift; path = ClientAppProxyConnection.swift; sourceTree = "<group>"; };
		5E4409C4212BE35000778393 /* testVPN.app */ = {isa = PBXFileReference; explicitFileType = wrapper.application; includeInIndex = 0; path = testVPN.app; sourceTree = BUILT_PRODUCTS_DIR; };
		5E4409C7212BE35000778393 /* AppDelegate.swift */ = {isa = PBXFileReference; lastKnownFileType = sourcecode.swift; path = AppDelegate.swift; sourceTree = "<group>"; };
		5E4409CC212BE35000778393 /* Base */ = {isa = PBXFileReference; lastKnownFileType = file.storyboard; name = Base; path = Base.lproj/Main.storyboard; sourceTree = "<group>"; };
		5E4409CE212BE35200778393 /* Assets.xcassets */ = {isa = PBXFileReference; lastKnownFileType = folder.assetcatalog; path = Assets.xcassets; sourceTree = "<group>"; };
		5E4409D1212BE35200778393 /* Base */ = {isa = PBXFileReference; lastKnownFileType = file.storyboard; name = Base; path = Base.lproj/LaunchScreen.storyboard; sourceTree = "<group>"; };
		5E4409D3212BE35200778393 /* Info.plist */ = {isa = PBXFileReference; lastKnownFileType = text.plist.xml; path = Info.plist; sourceTree = "<group>"; };
		5E4409D9212BE35900778393 /* testVPN.entitlements */ = {isa = PBXFileReference; lastKnownFileType = text.plist.entitlements; path = testVPN.entitlements; sourceTree = "<group>"; };
		5E440A65212D94BF00778393 /* appProxy.appex */ = {isa = PBXFileReference; explicitFileType = "wrapper.app-extension"; includeInIndex = 0; path = appProxy.appex; sourceTree = BUILT_PRODUCTS_DIR; };
		5E440A67212D94C000778393 /* AppProxyProvider.swift */ = {isa = PBXFileReference; lastKnownFileType = sourcecode.swift; path = AppProxyProvider.swift; sourceTree = "<group>"; };
		5E440A69212D94C000778393 /* Info.plist */ = {isa = PBXFileReference; lastKnownFileType = text.plist.xml; path = Info.plist; sourceTree = "<group>"; };
		5E440A6A212D94C000778393 /* appProxy.entitlements */ = {isa = PBXFileReference; lastKnownFileType = text.plist.entitlements; path = appProxy.entitlements; sourceTree = "<group>"; };
		5E440A75212D94DB00778393 /* packetTunnel.appex */ = {isa = PBXFileReference; explicitFileType = "wrapper.app-extension"; includeInIndex = 0; path = packetTunnel.appex; sourceTree = BUILT_PRODUCTS_DIR; };
		5E440A77212D94DB00778393 /* PacketTunnelProvider.swift */ = {isa = PBXFileReference; lastKnownFileType = sourcecode.swift; path = PacketTunnelProvider.swift; sourceTree = "<group>"; };
		5E440A79212D94DB00778393 /* Info.plist */ = {isa = PBXFileReference; lastKnownFileType = text.plist.xml; path = Info.plist; sourceTree = "<group>"; };
		5E440A7A212D94DB00778393 /* packetTunnel.entitlements */ = {isa = PBXFileReference; lastKnownFileType = text.plist.entitlements; path = packetTunnel.entitlements; sourceTree = "<group>"; };
		5E440AC2212D9BB700778393 /* testVPNServices.framework */ = {isa = PBXFileReference; explicitFileType = wrapper.framework; includeInIndex = 0; path = testVPNServices.framework; sourceTree = BUILT_PRODUCTS_DIR; };
		5E440AC4212D9BB700778393 /* testVPNServices.h */ = {isa = PBXFileReference; lastKnownFileType = sourcecode.c.h; path = testVPNServices.h; sourceTree = "<group>"; };
		5E440AC5212D9BB700778393 /* Info.plist */ = {isa = PBXFileReference; lastKnownFileType = text.plist.xml; path = Info.plist; sourceTree = "<group>"; };
		5E440AD0212D9CAD00778393 /* util.swift */ = {isa = PBXFileReference; lastKnownFileType = sourcecode.swift; path = util.swift; sourceTree = "<group>"; };
		5E440AD2212DA3F600778393 /* NetworkExtension.framework */ = {isa = PBXFileReference; lastKnownFileType = wrapper.framework; name = NetworkExtension.framework; path = System/Library/Frameworks/NetworkExtension.framework; sourceTree = SDKROOT; };
		5E52EABD2188A222009DD858 /* CocoaAsyncSocket.framework */ = {isa = PBXFileReference; lastKnownFileType = wrapper.framework; name = CocoaAsyncSocket.framework; path = Carthage/Build/iOS/CocoaAsyncSocket.framework; sourceTree = "<group>"; };
		5E577E1521BA2FB400CA82E4 /* Reachability.swift */ = {isa = PBXFileReference; lastKnownFileType = sourcecode.swift; path = Reachability.swift; sourceTree = "<group>"; };
		5E61941A214FC7EA00FE8C6A /* NetlogsTableViewController.swift */ = {isa = PBXFileReference; lastKnownFileType = sourcecode.swift; path = NetlogsTableViewController.swift; sourceTree = "<group>"; };
		5E71DE652154A39F005B283A /* arch.md */ = {isa = PBXFileReference; lastKnownFileType = net.daringfireball.markdown; path = arch.md; sourceTree = "<group>"; };
		5E71DE6D2158C438005B283A /* paper.md */ = {isa = PBXFileReference; lastKnownFileType = net.daringfireball.markdown; path = paper.md; sourceTree = "<group>"; };
		5E71DE6E2158C45B005B283A /* TODO.md */ = {isa = PBXFileReference; lastKnownFileType = net.daringfireball.markdown; path = TODO.md; sourceTree = "<group>"; };
		5E815392218ED1DE003F4163 /* SOCKS5Enums.swift */ = {isa = PBXFileReference; lastKnownFileType = sourcecode.swift; path = SOCKS5Enums.swift; sourceTree = "<group>"; };
		5E98A04621B3EA3D0002B1B4 /* locationTracker.swift */ = {isa = PBXFileReference; lastKnownFileType = sourcecode.swift; path = locationTracker.swift; sourceTree = "<group>"; };
		5EB87C1821B2B7DE007B94DD /* BMKLocationKit.framework */ = {isa = PBXFileReference; lastKnownFileType = wrapper.framework; path = BMKLocationKit.framework; sourceTree = "<group>"; };
		5EB87C2121B2B817007B94DD /* CoreLocation.framework */ = {isa = PBXFileReference; lastKnownFileType = wrapper.framework; name = CoreLocation.framework; path = System/Library/Frameworks/CoreLocation.framework; sourceTree = SDKROOT; };
		5EB87C2321B2B84D007B94DD /* SystemConfiguration.framework */ = {isa = PBXFileReference; lastKnownFileType = wrapper.framework; name = SystemConfiguration.framework; path = System/Library/Frameworks/SystemConfiguration.framework; sourceTree = SDKROOT; };
		5EB87C2521B2B857007B94DD /* Security.framework */ = {isa = PBXFileReference; lastKnownFileType = wrapper.framework; name = Security.framework; path = System/Library/Frameworks/Security.framework; sourceTree = SDKROOT; };
		5EB87C2721B2B869007B94DD /* libsqlite3.0.tbd */ = {isa = PBXFileReference; lastKnownFileType = "sourcecode.text-based-dylib-definition"; name = libsqlite3.0.tbd; path = usr/lib/libsqlite3.0.tbd; sourceTree = SDKROOT; };
		5EB87C2921B2B875007B94DD /* CoreTelephony.framework */ = {isa = PBXFileReference; lastKnownFileType = wrapper.framework; name = CoreTelephony.framework; path = System/Library/Frameworks/CoreTelephony.framework; sourceTree = SDKROOT; };
		5EB87C2B21B2B892007B94DD /* libc++.tbd */ = {isa = PBXFileReference; lastKnownFileType = "sourcecode.text-based-dylib-definition"; name = "libc++.tbd"; path = "usr/lib/libc++.tbd"; sourceTree = SDKROOT; };
		5EB87C2D21B2B89E007B94DD /* AdSupport.framework */ = {isa = PBXFileReference; lastKnownFileType = wrapper.framework; name = AdSupport.framework; path = System/Library/Frameworks/AdSupport.framework; sourceTree = SDKROOT; };
		5EB87C3021B2BAB8007B94DD /* BMKSwiftDemo-Bridging-Header.h */ = {isa = PBXFileReference; lastKnownFileType = sourcecode.c.h; path = "BMKSwiftDemo-Bridging-Header.h"; sourceTree = "<group>"; };
		5EB87C3421B2BF84007B94DD /* TableViewController.swift */ = {isa = PBXFileReference; lastKnownFileType = sourcecode.swift; path = TableViewController.swift; sourceTree = "<group>"; };
		5EBD87B121312BF300918CC9 /* tunnel_server */ = {isa = PBXFileReference; explicitFileType = "compiled.mach-o.executable"; includeInIndex = 0; path = tunnel_server; sourceTree = BUILT_PRODUCTS_DIR; };
		5EBD87B321312BF300918CC9 /* main.swift */ = {isa = PBXFileReference; lastKnownFileType = sourcecode.swift; path = main.swift; sourceTree = "<group>"; };
		5EBD87B821312C2F00918CC9 /* config.plist */ = {isa = PBXFileReference; lastKnownFileType = text.plist.xml; path = config.plist; sourceTree = "<group>"; };
		5EBD87B921312C4000918CC9 /* AddressPool.swift */ = {isa = PBXFileReference; lastKnownFileType = sourcecode.swift; path = AddressPool.swift; sourceTree = "<group>"; };
		5EBD87BB21312C5400918CC9 /* ServerConfiguration.swift */ = {isa = PBXFileReference; lastKnownFileType = sourcecode.swift; path = ServerConfiguration.swift; sourceTree = "<group>"; };
		5EBD87BD21312C6200918CC9 /* ServerConnection.swift */ = {isa = PBXFileReference; lastKnownFileType = sourcecode.swift; path = ServerConnection.swift; sourceTree = "<group>"; };
		5EBD87BF21312C6C00918CC9 /* ServerTunnel.swift */ = {isa = PBXFileReference; lastKnownFileType = sourcecode.swift; path = ServerTunnel.swift; sourceTree = "<group>"; };
		5EBD87C121312CAE00918CC9 /* tunnel_server-Bridging-Header.h */ = {isa = PBXFileReference; lastKnownFileType = sourcecode.c.h; path = "tunnel_server-Bridging-Header.h"; sourceTree = "<group>"; };
		5EBD87C221312CAE00918CC9 /* ServerUtils.m */ = {isa = PBXFileReference; lastKnownFileType = sourcecode.c.objc; path = ServerUtils.m; sourceTree = "<group>"; };
		5EBD87C421312CBF00918CC9 /* ServerUtils.h */ = {isa = PBXFileReference; lastKnownFileType = sourcecode.c.h; path = ServerUtils.h; sourceTree = "<group>"; };
		5EBD87C521312CD800918CC9 /* ServerTunnelConnection.swift */ = {isa = PBXFileReference; lastKnownFileType = sourcecode.swift; path = ServerTunnelConnection.swift; sourceTree = "<group>"; };
		5EBD87C721312CEA00918CC9 /* UDPServerConnection.swift */ = {isa = PBXFileReference; lastKnownFileType = sourcecode.swift; path = UDPServerConnection.swift; sourceTree = "<group>"; };
		5ED107FB213D5031001A6752 /* Database.swift */ = {isa = PBXFileReference; lastKnownFileType = sourcecode.swift; path = Database.swift; sourceTree = "<group>"; };
		5ED10804213D64F4001A6752 /* SQLite.framework */ = {isa = PBXFileReference; lastKnownFileType = wrapper.framework; name = SQLite.framework; path = Carthage/Build/iOS/SQLite.framework; sourceTree = "<group>"; };
		5ED1080A213E31B6001A6752 /* Planning.md */ = {isa = PBXFileReference; lastKnownFileType = net.daringfireball.markdown; path = Planning.md; sourceTree = "<group>"; };
		5ED1080C213E31B6001A6752 /* installation@2x.png */ = {isa = PBXFileReference; lastKnownFileType = image.png; path = "installation@2x.png"; sourceTree = "<group>"; };
		5ED1080D213E31B6001A6752 /* playground@2x.png */ = {isa = PBXFileReference; lastKnownFileType = image.png; path = "playground@2x.png"; sourceTree = "<group>"; };
		5ED1080E213E31B6001A6752 /* Index.md */ = {isa = PBXFileReference; lastKnownFileType = net.daringfireball.markdown; path = Index.md; sourceTree = "<group>"; };
		5ED1080F213E31B6001A6752 /* .swift-version */ = {isa = PBXFileReference; lastKnownFileType = text; path = ".swift-version"; sourceTree = "<group>"; };
		5ED10810213E31B6001A6752 /* SQLite.swift.podspec */ = {isa = PBXFileReference; lastKnownFileType = text; path = SQLite.swift.podspec; sourceTree = "<group>"; };
		5ED10811213E31B6001A6752 /* .cocoadocs.yml */ = {isa = PBXFileReference; lastKnownFileType = text; path = .cocoadocs.yml; sourceTree = "<group>"; };
		5ED10812213E31B6001A6752 /* run-tests.sh */ = {isa = PBXFileReference; lastKnownFileType = text.script.sh; path = "run-tests.sh"; sourceTree = "<group>"; };
		5ED10813213E31B6001A6752 /* CHANGELOG.md */ = {isa = PBXFileReference; lastKnownFileType = net.daringfireball.markdown; path = CHANGELOG.md; sourceTree = "<group>"; };
		5ED10814213E31B6001A6752 /* Makefile */ = {isa = PBXFileReference; lastKnownFileType = sourcecode.make; path = Makefile; sourceTree = "<group>"; };
		5ED10817213E31B6001A6752 /* CustomFunctionsTests.swift */ = {isa = PBXFileReference; lastKnownFileType = sourcecode.swift; path = CustomFunctionsTests.swift; sourceTree = "<group>"; };
		5ED10818213E31B6001A6752 /* BlobTests.swift */ = {isa = PBXFileReference; lastKnownFileType = sourcecode.swift; path = BlobTests.swift; sourceTree = "<group>"; };
		5ED10819213E31B6001A6752 /* DateAndTimeFunctionTests.swift */ = {isa = PBXFileReference; lastKnownFileType = sourcecode.swift; path = DateAndTimeFunctionTests.swift; sourceTree = "<group>"; };
		5ED1081A213E31B6001A6752 /* StatementTests.swift */ = {isa = PBXFileReference; lastKnownFileType = sourcecode.swift; path = StatementTests.swift; sourceTree = "<group>"; };
		5ED1081B213E31B6001A6752 /* QueryTests.swift */ = {isa = PBXFileReference; lastKnownFileType = sourcecode.swift; path = QueryTests.swift; sourceTree = "<group>"; };
		5ED1081C213E31B6001A6752 /* FTS4Tests.swift */ = {isa = PBXFileReference; lastKnownFileType = sourcecode.swift; path = FTS4Tests.swift; sourceTree = "<group>"; };
		5ED1081D213E31B6001A6752 /* CoreFunctionsTests.swift */ = {isa = PBXFileReference; lastKnownFileType = sourcecode.swift; path = CoreFunctionsTests.swift; sourceTree = "<group>"; };
		5ED1081E213E31B6001A6752 /* RowTests.swift */ = {isa = PBXFileReference; lastKnownFileType = sourcecode.swift; path = RowTests.swift; sourceTree = "<group>"; };
		5ED1081F213E31B6001A6752 /* SetterTests.swift */ = {isa = PBXFileReference; lastKnownFileType = sourcecode.swift; path = SetterTests.swift; sourceTree = "<group>"; };
		5ED10820213E31B6001A6752 /* ConnectionTests.swift */ = {isa = PBXFileReference; lastKnownFileType = sourcecode.swift; path = ConnectionTests.swift; sourceTree = "<group>"; };
		5ED10821213E31B6001A6752 /* ValueTests.swift */ = {isa = PBXFileReference; lastKnownFileType = sourcecode.swift; path = ValueTests.swift; sourceTree = "<group>"; };
		5ED10822213E31B6001A6752 /* AggregateFunctionsTests.swift */ = {isa = PBXFileReference; lastKnownFileType = sourcecode.swift; path = AggregateFunctionsTests.swift; sourceTree = "<group>"; };
		5ED10823213E31B6001A6752 /* FoundationTests.swift */ = {isa = PBXFileReference; lastKnownFileType = sourcecode.swift; path = FoundationTests.swift; sourceTree = "<group>"; };
		5ED10824213E31B6001A6752 /* RTreeTests.swift */ = {isa = PBXFileReference; lastKnownFileType = sourcecode.swift; path = RTreeTests.swift; sourceTree = "<group>"; };
		5ED10826213E31B6001A6752 /* encrypted.sqlite */ = {isa = PBXFileReference; lastKnownFileType = file; path = encrypted.sqlite; sourceTree = "<group>"; };
		5ED10827213E31B6001A6752 /* TestHelpers.swift */ = {isa = PBXFileReference; lastKnownFileType = sourcecode.swift; path = TestHelpers.swift; sourceTree = "<group>"; };
		5ED10828213E31B6001A6752 /* FTS5Tests.swift */ = {isa = PBXFileReference; lastKnownFileType = sourcecode.swift; path = FTS5Tests.swift; sourceTree = "<group>"; };
		5ED10829213E31B6001A6752 /* OperatorsTests.swift */ = {isa = PBXFileReference; lastKnownFileType = sourcecode.swift; path = OperatorsTests.swift; sourceTree = "<group>"; };
		5ED1082A213E31B6001A6752 /* CipherTests.swift */ = {isa = PBXFileReference; lastKnownFileType = sourcecode.swift; path = CipherTests.swift; sourceTree = "<group>"; };
		5ED1082B213E31B6001A6752 /* Info.plist */ = {isa = PBXFileReference; lastKnownFileType = text.plist.xml; path = Info.plist; sourceTree = "<group>"; };
		5ED1082C213E31B6001A6752 /* Fixtures.swift */ = {isa = PBXFileReference; lastKnownFileType = sourcecode.swift; path = Fixtures.swift; sourceTree = "<group>"; };
		5ED1082D213E31B6001A6752 /* ExpressionTests.swift */ = {isa = PBXFileReference; lastKnownFileType = sourcecode.swift; path = ExpressionTests.swift; sourceTree = "<group>"; };
		5ED1082E213E31B6001A6752 /* SchemaTests.swift */ = {isa = PBXFileReference; lastKnownFileType = sourcecode.swift; path = SchemaTests.swift; sourceTree = "<group>"; };
		5ED1082F213E31B6001A6752 /* LinuxMain.swift */ = {isa = PBXFileReference; lastKnownFileType = sourcecode.swift; path = LinuxMain.swift; sourceTree = "<group>"; };
		5ED10831213E31B6001A6752 /* Makefile */ = {isa = PBXFileReference; lastKnownFileType = sourcecode.make; path = Makefile; sourceTree = "<group>"; };
		5ED10832213E31B6001A6752 /* .gitignore */ = {isa = PBXFileReference; lastKnownFileType = text; path = .gitignore; sourceTree = "<group>"; };
		5ED10834213E31B6001A6752 /* integration_test.rb */ = {isa = PBXFileReference; lastKnownFileType = text.script.ruby; path = integration_test.rb; sourceTree = "<group>"; };
		5ED10835213E31B6001A6752 /* Makefile */ = {isa = PBXFileReference; lastKnownFileType = sourcecode.make; path = Makefile; sourceTree = "<group>"; };
		5ED10836213E31B6001A6752 /* .gitignore */ = {isa = PBXFileReference; lastKnownFileType = text; path = .gitignore; sourceTree = "<group>"; };
		5ED10837213E31B6001A6752 /* Gemfile */ = {isa = PBXFileReference; lastKnownFileType = text; path = Gemfile; sourceTree = "<group>"; };
		5ED10838213E31B6001A6752 /* Gemfile.lock */ = {isa = PBXFileReference; lastKnownFileType = text; path = Gemfile.lock; sourceTree = "<group>"; };
		5ED1083C213E31B6001A6752 /* SQLite.framework.dSYM */ = {isa = PBXFileReference; lastKnownFileType = wrapper.dsym; path = SQLite.framework.dSYM; sourceTree = "<group>"; };
		5ED1083D213E31B6001A6752 /* 8E9886EE-663A-3DC3-880E-3949086E1D5A.bcsymbolmap */ = {isa = PBXFileReference; lastKnownFileType = text; path = "8E9886EE-663A-3DC3-880E-3949086E1D5A.bcsymbolmap"; sourceTree = "<group>"; };
		5ED1083E213E31B6001A6752 /* SQLite.framework */ = {isa = PBXFileReference; lastKnownFileType = wrapper.framework; path = SQLite.framework; sourceTree = "<group>"; };
		5ED1083F213E31B6001A6752 /* .SQLite.swift.version */ = {isa = PBXFileReference; lastKnownFileType = text; path = .SQLite.swift.version; sourceTree = "<group>"; };
		5ED10841213E31B6001A6752 /* SQLite.framework.dSYM */ = {isa = PBXFileReference; lastKnownFileType = wrapper.dsym; path = SQLite.framework.dSYM; sourceTree = "<group>"; };
		5ED10842213E31B6001A6752 /* 0DEFA50A-1998-33E2-9638-760D9909632A.bcsymbolmap */ = {isa = PBXFileReference; lastKnownFileType = text; path = "0DEFA50A-1998-33E2-9638-760D9909632A.bcsymbolmap"; sourceTree = "<group>"; };
		5ED10843213E31B6001A6752 /* E3E4C793-999D-3EEC-8F52-25E493E78D52.bcsymbolmap */ = {isa = PBXFileReference; lastKnownFileType = text; path = "E3E4C793-999D-3EEC-8F52-25E493E78D52.bcsymbolmap"; sourceTree = "<group>"; };
		5ED10844213E31B6001A6752 /* SQLite.framework */ = {isa = PBXFileReference; lastKnownFileType = wrapper.framework; path = SQLite.framework; sourceTree = "<group>"; };
		5ED10846213E31B6001A6752 /* SQLite.framework.dSYM */ = {isa = PBXFileReference; lastKnownFileType = wrapper.dsym; path = SQLite.framework.dSYM; sourceTree = "<group>"; };
		5ED10847213E31B6001A6752 /* SQLite.framework */ = {isa = PBXFileReference; lastKnownFileType = wrapper.framework; path = SQLite.framework; sourceTree = "<group>"; };
		5ED10849213E31B6001A6752 /* SQLite.framework.dSYM */ = {isa = PBXFileReference; lastKnownFileType = wrapper.dsym; path = SQLite.framework.dSYM; sourceTree = "<group>"; };
		5ED1084A213E31B6001A6752 /* 1198CCEB-1F95-3E3E-8E84-4F62315122FE.bcsymbolmap */ = {isa = PBXFileReference; lastKnownFileType = text; path = "1198CCEB-1F95-3E3E-8E84-4F62315122FE.bcsymbolmap"; sourceTree = "<group>"; };
		5ED1084B213E31B6001A6752 /* SQLite.framework */ = {isa = PBXFileReference; lastKnownFileType = wrapper.framework; path = SQLite.framework; sourceTree = "<group>"; };
		5ED1084C213E31B6001A6752 /* SQLite.playground */ = {isa = PBXFileReference; lastKnownFileType = file.playground; path = SQLite.playground; sourceTree = "<group>"; };
		5ED1084D213E31B6001A6752 /* README.md */ = {isa = PBXFileReference; lastKnownFileType = net.daringfireball.markdown; path = README.md; sourceTree = "<group>"; };
		5ED1084E213E31B6001A6752 /* SQLite.xcodeproj */ = {isa = PBXFileReference; lastKnownFileType = "wrapper.pb-project"; path = SQLite.xcodeproj; sourceTree = "<group>"; };
		5ED10851213E31B6001A6752 /* .gitignore */ = {isa = PBXFileReference; lastKnownFileType = text; path = .gitignore; sourceTree = "<group>"; };
		5ED10852213E31B6001A6752 /* CONTRIBUTING.md */ = {isa = PBXFileReference; lastKnownFileType = net.daringfireball.markdown; path = CONTRIBUTING.md; sourceTree = "<group>"; };
		5ED10854213E31B6001A6752 /* ISSUE_TEMPLATE.md */ = {isa = PBXFileReference; lastKnownFileType = net.daringfireball.markdown; path = ISSUE_TEMPLATE.md; sourceTree = "<group>"; };
		5ED10855213E31B6001A6752 /* Package.swift */ = {isa = PBXFileReference; lastKnownFileType = sourcecode.swift; path = Package.swift; sourceTree = "<group>"; };
		5ED10859213E31B6001A6752 /* SQLite-Bridging.h */ = {isa = PBXFileReference; lastKnownFileType = sourcecode.c.h; path = "SQLite-Bridging.h"; sourceTree = "<group>"; };
		5ED1085A213E31B6001A6752 /* SQLite-Bridging.m */ = {isa = PBXFileReference; lastKnownFileType = sourcecode.c.objc; path = "SQLite-Bridging.m"; sourceTree = "<group>"; };
		5ED1085B213E31B6001A6752 /* fts3_tokenizer.h */ = {isa = PBXFileReference; lastKnownFileType = sourcecode.c.h; path = fts3_tokenizer.h; sourceTree = "<group>"; };
		5ED1085E213E31B6001A6752 /* Connection.swift */ = {isa = PBXFileReference; lastKnownFileType = sourcecode.swift; path = Connection.swift; sourceTree = "<group>"; };
		5ED1085F213E31B6001A6752 /* Blob.swift */ = {isa = PBXFileReference; lastKnownFileType = sourcecode.swift; path = Blob.swift; sourceTree = "<group>"; };
		5ED10860213E31B6001A6752 /* Errors.swift */ = {isa = PBXFileReference; lastKnownFileType = sourcecode.swift; path = Errors.swift; sourceTree = "<group>"; };
		5ED10861213E31B6001A6752 /* Statement.swift */ = {isa = PBXFileReference; lastKnownFileType = sourcecode.swift; path = Statement.swift; sourceTree = "<group>"; };
		5ED10862213E31B6001A6752 /* Value.swift */ = {isa = PBXFileReference; lastKnownFileType = sourcecode.swift; path = Value.swift; sourceTree = "<group>"; };
		5ED10863213E31B6001A6752 /* Helpers.swift */ = {isa = PBXFileReference; lastKnownFileType = sourcecode.swift; path = Helpers.swift; sourceTree = "<group>"; };
		5ED10865213E31B6001A6752 /* Cipher.swift */ = {isa = PBXFileReference; lastKnownFileType = sourcecode.swift; path = Cipher.swift; sourceTree = "<group>"; };
		5ED10866213E31B6001A6752 /* RTree.swift */ = {isa = PBXFileReference; lastKnownFileType = sourcecode.swift; path = RTree.swift; sourceTree = "<group>"; };
		5ED10867213E31B6001A6752 /* FTS4.swift */ = {isa = PBXFileReference; lastKnownFileType = sourcecode.swift; path = FTS4.swift; sourceTree = "<group>"; };
		5ED10868213E31B6001A6752 /* FTS5.swift */ = {isa = PBXFileReference; lastKnownFileType = sourcecode.swift; path = FTS5.swift; sourceTree = "<group>"; };
		5ED10869213E31B6001A6752 /* Foundation.swift */ = {isa = PBXFileReference; lastKnownFileType = sourcecode.swift; path = Foundation.swift; sourceTree = "<group>"; };
		5ED1086A213E31B6001A6752 /* SQLite.h */ = {isa = PBXFileReference; lastKnownFileType = sourcecode.c.h; path = SQLite.h; sourceTree = "<group>"; };
		5ED1086C213E31B6001A6752 /* Query.swift */ = {isa = PBXFileReference; lastKnownFileType = sourcecode.swift; path = Query.swift; sourceTree = "<group>"; };
		5ED1086D213E31B6001A6752 /* Coding.swift */ = {isa = PBXFileReference; lastKnownFileType = sourcecode.swift; path = Coding.swift; sourceTree = "<group>"; };
		5ED1086E213E31B6001A6752 /* Expression.swift */ = {isa = PBXFileReference; lastKnownFileType = sourcecode.swift; path = Expression.swift; sourceTree = "<group>"; };
		5ED1086F213E31B6001A6752 /* CoreFunctions.swift */ = {isa = PBXFileReference; lastKnownFileType = sourcecode.swift; path = CoreFunctions.swift; sourceTree = "<group>"; };
		5ED10870213E31B6001A6752 /* Collation.swift */ = {isa = PBXFileReference; lastKnownFileType = sourcecode.swift; path = Collation.swift; sourceTree = "<group>"; };
		5ED10871213E31B6001A6752 /* CustomFunctions.swift */ = {isa = PBXFileReference; lastKnownFileType = sourcecode.swift; path = CustomFunctions.swift; sourceTree = "<group>"; };
		5ED10872213E31B6001A6752 /* DateAndTimeFunctions.swift */ = {isa = PBXFileReference; lastKnownFileType = sourcecode.swift; path = DateAndTimeFunctions.swift; sourceTree = "<group>"; };
		5ED10873213E31B6001A6752 /* Setter.swift */ = {isa = PBXFileReference; lastKnownFileType = sourcecode.swift; path = Setter.swift; sourceTree = "<group>"; };
		5ED10874213E31B6001A6752 /* Operators.swift */ = {isa = PBXFileReference; lastKnownFileType = sourcecode.swift; path = Operators.swift; sourceTree = "<group>"; };
		5ED10875213E31B6001A6752 /* Schema.swift */ = {isa = PBXFileReference; lastKnownFileType = sourcecode.swift; path = Schema.swift; sourceTree = "<group>"; };
		5ED10876213E31B6001A6752 /* AggregateFunctions.swift */ = {isa = PBXFileReference; lastKnownFileType = sourcecode.swift; path = AggregateFunctions.swift; sourceTree = "<group>"; };
		5ED10877213E31B6001A6752 /* Info.plist */ = {isa = PBXFileReference; lastKnownFileType = text.plist.xml; path = Info.plist; sourceTree = "<group>"; };
		5ED10878213E31B6001A6752 /* LICENSE.txt */ = {isa = PBXFileReference; lastKnownFileType = text; path = LICENSE.txt; sourceTree = "<group>"; };
		5ED10879213E31B6001A6752 /* .travis.yml */ = {isa = PBXFileReference; lastKnownFileType = text; path = .travis.yml; sourceTree = "<group>"; };
		5ED1087C213E31B6001A6752 /* SQLite.framework.dSYM */ = {isa = PBXFileReference; lastKnownFileType = wrapper.dsym; path = SQLite.framework.dSYM; sourceTree = "<group>"; };
		5ED1087D213E31B6001A6752 /* 8E9886EE-663A-3DC3-880E-3949086E1D5A.bcsymbolmap */ = {isa = PBXFileReference; lastKnownFileType = text; path = "8E9886EE-663A-3DC3-880E-3949086E1D5A.bcsymbolmap"; sourceTree = "<group>"; };
		5ED1087E213E31B6001A6752 /* SQLite.framework */ = {isa = PBXFileReference; lastKnownFileType = wrapper.framework; path = SQLite.framework; sourceTree = "<group>"; };
		5ED1087F213E31B6001A6752 /* .SQLite.swift.version */ = {isa = PBXFileReference; lastKnownFileType = text; path = .SQLite.swift.version; sourceTree = "<group>"; };
		5ED10881213E31B6001A6752 /* SQLite.framework.dSYM */ = {isa = PBXFileReference; lastKnownFileType = wrapper.dsym; path = SQLite.framework.dSYM; sourceTree = "<group>"; };
		5ED10882213E31B6001A6752 /* 0DEFA50A-1998-33E2-9638-760D9909632A.bcsymbolmap */ = {isa = PBXFileReference; lastKnownFileType = text; path = "0DEFA50A-1998-33E2-9638-760D9909632A.bcsymbolmap"; sourceTree = "<group>"; };
		5ED10883213E31B6001A6752 /* E3E4C793-999D-3EEC-8F52-25E493E78D52.bcsymbolmap */ = {isa = PBXFileReference; lastKnownFileType = text; path = "E3E4C793-999D-3EEC-8F52-25E493E78D52.bcsymbolmap"; sourceTree = "<group>"; };
		5ED10884213E31B6001A6752 /* SQLite.framework */ = {isa = PBXFileReference; lastKnownFileType = wrapper.framework; path = SQLite.framework; sourceTree = "<group>"; };
		5ED10886213E31B6001A6752 /* SQLite.framework.dSYM */ = {isa = PBXFileReference; lastKnownFileType = wrapper.dsym; path = SQLite.framework.dSYM; sourceTree = "<group>"; };
		5ED10887213E31B6001A6752 /* SQLite.framework */ = {isa = PBXFileReference; lastKnownFileType = wrapper.framework; path = SQLite.framework; sourceTree = "<group>"; };
		5ED10889213E31B6001A6752 /* SQLite.framework.dSYM */ = {isa = PBXFileReference; lastKnownFileType = wrapper.dsym; path = SQLite.framework.dSYM; sourceTree = "<group>"; };
		5ED1088A213E31B6001A6752 /* 1198CCEB-1F95-3E3E-8E84-4F62315122FE.bcsymbolmap */ = {isa = PBXFileReference; lastKnownFileType = text; path = "1198CCEB-1F95-3E3E-8E84-4F62315122FE.bcsymbolmap"; sourceTree = "<group>"; };
		5ED1088B213E31B6001A6752 /* SQLite.framework */ = {isa = PBXFileReference; lastKnownFileType = wrapper.framework; path = SQLite.framework; sourceTree = "<group>"; };
		5ED108A5213EAEB6001A6752 /* testVPNServices-Bridging-Header.h */ = {isa = PBXFileReference; lastKnownFileType = sourcecode.c.h; path = "testVPNServices-Bridging-Header.h"; sourceTree = "<group>"; };
/* End PBXFileReference section */

/* Begin PBXFrameworksBuildPhase section */
		5E4409C1212BE35000778393 /* Frameworks */ = {
			isa = PBXFrameworksBuildPhase;
			buildActionMask = 2147483647;
			files = (
				5EB87C2E21B2B89E007B94DD /* AdSupport.framework in Frameworks */,
				5EB87C2C21B2B892007B94DD /* libc++.tbd in Frameworks */,
				5EB87C2A21B2B876007B94DD /* CoreTelephony.framework in Frameworks */,
				5EB87C2821B2B869007B94DD /* libsqlite3.0.tbd in Frameworks */,
				5EB87C2621B2B857007B94DD /* Security.framework in Frameworks */,
				5EB87C2421B2B84D007B94DD /* SystemConfiguration.framework in Frameworks */,
				5EB87C2221B2B817007B94DD /* CoreLocation.framework in Frameworks */,
				5EB87C2021B2B7DE007B94DD /* BMKLocationKit.framework in Frameworks */,
				5ED10805213D64F4001A6752 /* SQLite.framework in Frameworks */,
				5E440AD3212DA3F600778393 /* NetworkExtension.framework in Frameworks */,
			);
			runOnlyForDeploymentPostprocessing = 0;
		};
		5E440A62212D94BF00778393 /* Frameworks */ = {
			isa = PBXFrameworksBuildPhase;
			buildActionMask = 2147483647;
			files = (
				5E52EABF2188A555009DD858 /* CocoaAsyncSocket.framework in Frameworks */,
				5ED108A1213E31C3001A6752 /* SQLite.framework in Frameworks */,
				5E24CB4F213182A400E909D5 /* NetworkExtension.framework in Frameworks */,
			);
			runOnlyForDeploymentPostprocessing = 0;
		};
		5E440A72212D94DB00778393 /* Frameworks */ = {
			isa = PBXFrameworksBuildPhase;
			buildActionMask = 2147483647;
			files = (
				5E440AD4212DA66000778393 /* NetworkExtension.framework in Frameworks */,
			);
			runOnlyForDeploymentPostprocessing = 0;
		};
		5E440ABE212D9BB700778393 /* Frameworks */ = {
			isa = PBXFrameworksBuildPhase;
			buildActionMask = 2147483647;
			files = (
				5E6FA3FA21AE53960001DEF2 /* SQLite.framework in Frameworks */,
			);
			runOnlyForDeploymentPostprocessing = 0;
		};
		5EBD87AE21312BF300918CC9 /* Frameworks */ = {
			isa = PBXFrameworksBuildPhase;
			buildActionMask = 2147483647;
			files = (
			);
			runOnlyForDeploymentPostprocessing = 0;
		};
/* End PBXFrameworksBuildPhase section */

/* Begin PBXGroup section */
		5E19A4FF214CDEB300D2C358 /* PerAppProxyUI */ = {
			isa = PBXGroup;
			children = (
				5E19A511214CE26100D2C358 /* PerAppProxyTableViewController.swift */,
				5E19A517214CE2EF00D2C358 /* PerAppProxyConfigurationTableViewController.swift */,
				5E61941A214FC7EA00FE8C6A /* NetlogsTableViewController.swift */,
			);
			path = PerAppProxyUI;
			sourceTree = "<group>";
		};
		5E19A507214CDEBA00D2C358 /* VPNUI */ = {
			isa = PBXGroup;
			children = (
				5E19A50F214CE25300D2C358 /* VPNTableViewController.swift */,
				5E19A513214CE26E00D2C358 /* VPNConfigurationTableViewController.swift */,
				5E19A51F214E329700D2C358 /* VPNDetailTableViewController.swift */,
				5E19A521214E3AA000D2C358 /* VPNConfiguration.swift */,
			);
			path = VPNUI;
			sourceTree = "<group>";
		};
		5E19A508214CDEE400D2C358 /* CommonUI */ = {
			isa = PBXGroup;
			children = (
				5E19A509214CE16200D2C358 /* SwitchTableViewCell.swift */,
				5E19A50B214CE17000D2C358 /* NameValueTableViewCell.swift */,
				5E19A50D214CE1F700D2C358 /* NetlogTableViewCell.swift */,
				5E19A519214CE84300D2C358 /* ButtonTableViewCell.swift */,
				5E19A51B214E29EB00D2C358 /* ImageLabelTableViewCell.swift */,
			);
			path = CommonUI;
			sourceTree = "<group>";
		};
		5E4409BB212BE35000778393 = {
			isa = PBXGroup;
			children = (
				5E577E0D21BA2F9700CA82E4 /* NetworkState */,
				5E11DE3A21915CFB0010A3AE /* crash.md */,
				5E71DE6E2158C45B005B283A /* TODO.md */,
				5E71DE6D2158C438005B283A /* paper.md */,
				5E71DE652154A39F005B283A /* arch.md */,
				5E222C8C212FF3CE006FC341 /* README.md */,
				5EB87C2F21B2BA9B007B94DD /* BDLocation */,
				5ED108A3213E39D0001A6752 /* Database */,
				5E4409C6212BE35000778393 /* testVPN */,
				5E440A66212D94C000778393 /* appProxy */,
				5E440A76212D94DB00778393 /* packetTunnel */,
				5E440AC3212D9BB700778393 /* testVPNServices */,
				5EBD87B221312BF300918CC9 /* tunnel_server */,
				5E4409C5212BE35000778393 /* Products */,
				5E4409DA212BE37C00778393 /* Frameworks */,
			);
			sourceTree = "<group>";
		};
		5E4409C5212BE35000778393 /* Products */ = {
			isa = PBXGroup;
			children = (
				5E4409C4212BE35000778393 /* testVPN.app */,
				5E440A65212D94BF00778393 /* appProxy.appex */,
				5E440A75212D94DB00778393 /* packetTunnel.appex */,
				5E440AC2212D9BB700778393 /* testVPNServices.framework */,
				5EBD87B121312BF300918CC9 /* tunnel_server */,
			);
			name = Products;
			sourceTree = "<group>";
		};
		5E4409C6212BE35000778393 /* testVPN */ = {
			isa = PBXGroup;
			children = (
				5E19A508214CDEE400D2C358 /* CommonUI */,
				5E19A507214CDEBA00D2C358 /* VPNUI */,
				5E19A4FF214CDEB300D2C358 /* PerAppProxyUI */,
				5E4409D9212BE35900778393 /* testVPN.entitlements */,
				5E4409C7212BE35000778393 /* AppDelegate.swift */,
				5E4409CB212BE35000778393 /* Main.storyboard */,
				5E4409CE212BE35200778393 /* Assets.xcassets */,
				5E4409D0212BE35200778393 /* LaunchScreen.storyboard */,
				5E4409D3212BE35200778393 /* Info.plist */,
				5E19A523214E3AC000D2C358 /* utils.swift */,
				5EB87C3421B2BF84007B94DD /* TableViewController.swift */,
			);
			path = testVPN;
			sourceTree = "<group>";
		};
		5E4409DA212BE37C00778393 /* Frameworks */ = {
			isa = PBXGroup;
			children = (
				5EB87C2D21B2B89E007B94DD /* AdSupport.framework */,
				5EB87C2B21B2B892007B94DD /* libc++.tbd */,
				5EB87C2921B2B875007B94DD /* CoreTelephony.framework */,
				5EB87C2721B2B869007B94DD /* libsqlite3.0.tbd */,
				5EB87C2521B2B857007B94DD /* Security.framework */,
				5EB87C2321B2B84D007B94DD /* SystemConfiguration.framework */,
				5EB87C2121B2B817007B94DD /* CoreLocation.framework */,
				5EB87C1821B2B7DE007B94DD /* BMKLocationKit.framework */,
				5E52EABD2188A222009DD858 /* CocoaAsyncSocket.framework */,
				5ED10806213E31B6001A6752 /* Carthage */,
				5ED10804213D64F4001A6752 /* SQLite.framework */,
				5E440AD2212DA3F600778393 /* NetworkExtension.framework */,
			);
			name = Frameworks;
			sourceTree = "<group>";
		};
		5E440A66212D94C000778393 /* appProxy */ = {
			isa = PBXGroup;
			children = (
				5E440A67212D94C000778393 /* AppProxyProvider.swift */,
				5E24CB4D213181E000E909D5 /* ClientAppProxyConnection.swift */,
				5E440A69212D94C000778393 /* Info.plist */,
				5E440A6A212D94C000778393 /* appProxy.entitlements */,
			);
			path = appProxy;
			sourceTree = "<group>";
		};
		5E440A76212D94DB00778393 /* packetTunnel */ = {
			isa = PBXGroup;
			children = (
				5E440A77212D94DB00778393 /* PacketTunnelProvider.swift */,
				5E222C8D21302BA1006FC341 /* ClientTunnelConnection.swift */,
				5E440A79212D94DB00778393 /* Info.plist */,
				5E440A7A212D94DB00778393 /* packetTunnel.entitlements */,
			);
			path = packetTunnel;
			sourceTree = "<group>";
		};
		5E440AC3212D9BB700778393 /* testVPNServices */ = {
			isa = PBXGroup;
			children = (
				5E440AC4212D9BB700778393 /* testVPNServices.h */,
				5E440AC5212D9BB700778393 /* Info.plist */,
				5E440AD0212D9CAD00778393 /* util.swift */,
				5E222C86212DA9D6006FC341 /* ClientTunnel.swift */,
				5E222C88212DAD51006FC341 /* Tunnel.swift */,
				5E222C8A212FD2DC006FC341 /* Connection.swift */,
				5ED108A5213EAEB6001A6752 /* testVPNServices-Bridging-Header.h */,
				5E815392218ED1DE003F4163 /* SOCKS5Enums.swift */,
			);
			path = testVPNServices;
			sourceTree = "<group>";
		};
		5E577E0D21BA2F9700CA82E4 /* NetworkState */ = {
			isa = PBXGroup;
			children = (
				5E577E1521BA2FB400CA82E4 /* Reachability.swift */,
			);
			path = NetworkState;
			sourceTree = "<group>";
		};
		5EB87C2F21B2BA9B007B94DD /* BDLocation */ = {
			isa = PBXGroup;
			children = (
				5EB87C3021B2BAB8007B94DD /* BMKSwiftDemo-Bridging-Header.h */,
				5E98A04621B3EA3D0002B1B4 /* locationTracker.swift */,
			);
			path = BDLocation;
			sourceTree = "<group>";
		};
		5EBD87B221312BF300918CC9 /* tunnel_server */ = {
			isa = PBXGroup;
			children = (
				5EBD87B821312C2F00918CC9 /* config.plist */,
				5EBD87B321312BF300918CC9 /* main.swift */,
				5EBD87B921312C4000918CC9 /* AddressPool.swift */,
				5EBD87BB21312C5400918CC9 /* ServerConfiguration.swift */,
				5EBD87BD21312C6200918CC9 /* ServerConnection.swift */,
				5EBD87BF21312C6C00918CC9 /* ServerTunnel.swift */,
				5EBD87C221312CAE00918CC9 /* ServerUtils.m */,
				5EBD87C121312CAE00918CC9 /* tunnel_server-Bridging-Header.h */,
				5EBD87C421312CBF00918CC9 /* ServerUtils.h */,
				5EBD87C521312CD800918CC9 /* ServerTunnelConnection.swift */,
				5EBD87C721312CEA00918CC9 /* UDPServerConnection.swift */,
			);
			path = tunnel_server;
			sourceTree = "<group>";
		};
		5ED10806213E31B6001A6752 /* Carthage */ = {
			isa = PBXGroup;
			children = (
				5ED10807213E31B6001A6752 /* Checkouts */,
				5ED1087A213E31B6001A6752 /* Build */,
			);
			path = Carthage;
			sourceTree = "<group>";
		};
		5ED10807213E31B6001A6752 /* Checkouts */ = {
			isa = PBXGroup;
			children = (
				5ED10808213E31B6001A6752 /* SQLite.swift */,
			);
			path = Checkouts;
			sourceTree = "<group>";
		};
		5ED10808213E31B6001A6752 /* SQLite.swift */ = {
			isa = PBXGroup;
			children = (
				5ED10809213E31B6001A6752 /* Documentation */,
				5ED1080F213E31B6001A6752 /* .swift-version */,
				5ED10810213E31B6001A6752 /* SQLite.swift.podspec */,
				5ED10811213E31B6001A6752 /* .cocoadocs.yml */,
				5ED10812213E31B6001A6752 /* run-tests.sh */,
				5ED10813213E31B6001A6752 /* CHANGELOG.md */,
				5ED10814213E31B6001A6752 /* Makefile */,
				5ED10815213E31B6001A6752 /* Tests */,
				5ED10839213E31B6001A6752 /* Carthage */,
				5ED1084C213E31B6001A6752 /* SQLite.playground */,
				5ED1084D213E31B6001A6752 /* README.md */,
				5ED1084E213E31B6001A6752 /* SQLite.xcodeproj */,
				5ED10851213E31B6001A6752 /* .gitignore */,
				5ED10852213E31B6001A6752 /* CONTRIBUTING.md */,
				5ED10853213E31B6001A6752 /* .github */,
				5ED10855213E31B6001A6752 /* Package.swift */,
				5ED10856213E31B6001A6752 /* Sources */,
				5ED10878213E31B6001A6752 /* LICENSE.txt */,
				5ED10879213E31B6001A6752 /* .travis.yml */,
			);
			path = SQLite.swift;
			sourceTree = "<group>";
		};
		5ED10809213E31B6001A6752 /* Documentation */ = {
			isa = PBXGroup;
			children = (
				5ED1080A213E31B6001A6752 /* Planning.md */,
				5ED1080B213E31B6001A6752 /* Resources */,
				5ED1080E213E31B6001A6752 /* Index.md */,
			);
			path = Documentation;
			sourceTree = "<group>";
		};
		5ED1080B213E31B6001A6752 /* Resources */ = {
			isa = PBXGroup;
			children = (
				5ED1080C213E31B6001A6752 /* installation@2x.png */,
				5ED1080D213E31B6001A6752 /* playground@2x.png */,
			);
			path = Resources;
			sourceTree = "<group>";
		};
		5ED10815213E31B6001A6752 /* Tests */ = {
			isa = PBXGroup;
			children = (
				5ED10816213E31B6001A6752 /* SQLiteTests */,
				5ED1082F213E31B6001A6752 /* LinuxMain.swift */,
				5ED10830213E31B6001A6752 /* Carthage */,
				5ED10833213E31B6001A6752 /* CocoaPods */,
			);
			path = Tests;
			sourceTree = "<group>";
		};
		5ED10816213E31B6001A6752 /* SQLiteTests */ = {
			isa = PBXGroup;
			children = (
				5ED10817213E31B6001A6752 /* CustomFunctionsTests.swift */,
				5ED10818213E31B6001A6752 /* BlobTests.swift */,
				5ED10819213E31B6001A6752 /* DateAndTimeFunctionTests.swift */,
				5ED1081A213E31B6001A6752 /* StatementTests.swift */,
				5ED1081B213E31B6001A6752 /* QueryTests.swift */,
				5ED1081C213E31B6001A6752 /* FTS4Tests.swift */,
				5ED1081D213E31B6001A6752 /* CoreFunctionsTests.swift */,
				5ED1081E213E31B6001A6752 /* RowTests.swift */,
				5ED1081F213E31B6001A6752 /* SetterTests.swift */,
				5ED10820213E31B6001A6752 /* ConnectionTests.swift */,
				5ED10821213E31B6001A6752 /* ValueTests.swift */,
				5ED10822213E31B6001A6752 /* AggregateFunctionsTests.swift */,
				5ED10823213E31B6001A6752 /* FoundationTests.swift */,
				5ED10824213E31B6001A6752 /* RTreeTests.swift */,
				5ED10825213E31B6001A6752 /* fixtures */,
				5ED10827213E31B6001A6752 /* TestHelpers.swift */,
				5ED10828213E31B6001A6752 /* FTS5Tests.swift */,
				5ED10829213E31B6001A6752 /* OperatorsTests.swift */,
				5ED1082A213E31B6001A6752 /* CipherTests.swift */,
				5ED1082B213E31B6001A6752 /* Info.plist */,
				5ED1082C213E31B6001A6752 /* Fixtures.swift */,
				5ED1082D213E31B6001A6752 /* ExpressionTests.swift */,
				5ED1082E213E31B6001A6752 /* SchemaTests.swift */,
			);
			path = SQLiteTests;
			sourceTree = "<group>";
		};
		5ED10825213E31B6001A6752 /* fixtures */ = {
			isa = PBXGroup;
			children = (
				5ED10826213E31B6001A6752 /* encrypted.sqlite */,
			);
			path = fixtures;
			sourceTree = "<group>";
		};
		5ED10830213E31B6001A6752 /* Carthage */ = {
			isa = PBXGroup;
			children = (
				5ED10831213E31B6001A6752 /* Makefile */,
				5ED10832213E31B6001A6752 /* .gitignore */,
			);
			path = Carthage;
			sourceTree = "<group>";
		};
		5ED10833213E31B6001A6752 /* CocoaPods */ = {
			isa = PBXGroup;
			children = (
				5ED10834213E31B6001A6752 /* integration_test.rb */,
				5ED10835213E31B6001A6752 /* Makefile */,
				5ED10836213E31B6001A6752 /* .gitignore */,
				5ED10837213E31B6001A6752 /* Gemfile */,
				5ED10838213E31B6001A6752 /* Gemfile.lock */,
			);
			path = CocoaPods;
			sourceTree = "<group>";
		};
		5ED10839213E31B6001A6752 /* Carthage */ = {
			isa = PBXGroup;
			children = (
				5ED1083A213E31B6001A6752 /* Build */,
			);
			path = Carthage;
			sourceTree = "<group>";
		};
		5ED1083A213E31B6001A6752 /* Build */ = {
			isa = PBXGroup;
			children = (
				5ED1083B213E31B6001A6752 /* watchOS */,
				5ED1083F213E31B6001A6752 /* .SQLite.swift.version */,
				5ED10840213E31B6001A6752 /* iOS */,
				5ED10845213E31B6001A6752 /* Mac */,
				5ED10848213E31B6001A6752 /* tvOS */,
			);
			path = Build;
			sourceTree = "<group>";
		};
		5ED1083B213E31B6001A6752 /* watchOS */ = {
			isa = PBXGroup;
			children = (
				5ED1083C213E31B6001A6752 /* SQLite.framework.dSYM */,
				5ED1083D213E31B6001A6752 /* 8E9886EE-663A-3DC3-880E-3949086E1D5A.bcsymbolmap */,
				5ED1083E213E31B6001A6752 /* SQLite.framework */,
			);
			path = watchOS;
			sourceTree = "<group>";
		};
		5ED10840213E31B6001A6752 /* iOS */ = {
			isa = PBXGroup;
			children = (
				5ED10841213E31B6001A6752 /* SQLite.framework.dSYM */,
				5ED10842213E31B6001A6752 /* 0DEFA50A-1998-33E2-9638-760D9909632A.bcsymbolmap */,
				5ED10843213E31B6001A6752 /* E3E4C793-999D-3EEC-8F52-25E493E78D52.bcsymbolmap */,
				5ED10844213E31B6001A6752 /* SQLite.framework */,
			);
			path = iOS;
			sourceTree = "<group>";
		};
		5ED10845213E31B6001A6752 /* Mac */ = {
			isa = PBXGroup;
			children = (
				5ED10846213E31B6001A6752 /* SQLite.framework.dSYM */,
				5ED10847213E31B6001A6752 /* SQLite.framework */,
			);
			path = Mac;
			sourceTree = "<group>";
		};
		5ED10848213E31B6001A6752 /* tvOS */ = {
			isa = PBXGroup;
			children = (
				5ED10849213E31B6001A6752 /* SQLite.framework.dSYM */,
				5ED1084A213E31B6001A6752 /* 1198CCEB-1F95-3E3E-8E84-4F62315122FE.bcsymbolmap */,
				5ED1084B213E31B6001A6752 /* SQLite.framework */,
			);
			path = tvOS;
			sourceTree = "<group>";
		};
		5ED1084F213E31B6001A6752 /* Products */ = {
			isa = PBXGroup;
			children = (
				5ED10894213E31B6001A6752 /* SQLite.framework */,
				5ED10896213E31B6001A6752 /* SQLiteTests iOS.xctest */,
				5ED10898213E31B6001A6752 /* SQLite.framework */,
				5ED1089A213E31B6001A6752 /* SQLiteTests Mac.xctest */,
				5ED1089C213E31B6001A6752 /* SQLite.framework */,
				5ED1089E213E31B6001A6752 /* SQLiteTests tvOS.xctest */,
				5ED108A0213E31B6001A6752 /* SQLite.framework */,
			);
			name = Products;
			sourceTree = "<group>";
		};
		5ED10853213E31B6001A6752 /* .github */ = {
			isa = PBXGroup;
			children = (
				5ED10854213E31B6001A6752 /* ISSUE_TEMPLATE.md */,
			);
			path = .github;
			sourceTree = "<group>";
		};
		5ED10856213E31B6001A6752 /* Sources */ = {
			isa = PBXGroup;
			children = (
				5ED10857213E31B6001A6752 /* SQLiteObjc */,
				5ED1085C213E31B6001A6752 /* SQLite */,
			);
			path = Sources;
			sourceTree = "<group>";
		};
		5ED10857213E31B6001A6752 /* SQLiteObjc */ = {
			isa = PBXGroup;
			children = (
				5ED10858213E31B6001A6752 /* include */,
				5ED1085A213E31B6001A6752 /* SQLite-Bridging.m */,
				5ED1085B213E31B6001A6752 /* fts3_tokenizer.h */,
			);
			path = SQLiteObjc;
			sourceTree = "<group>";
		};
		5ED10858213E31B6001A6752 /* include */ = {
			isa = PBXGroup;
			children = (
				5ED10859213E31B6001A6752 /* SQLite-Bridging.h */,
			);
			path = include;
			sourceTree = "<group>";
		};
		5ED1085C213E31B6001A6752 /* SQLite */ = {
			isa = PBXGroup;
			children = (
				5ED1085D213E31B6001A6752 /* Core */,
				5ED10863213E31B6001A6752 /* Helpers.swift */,
				5ED10864213E31B6001A6752 /* Extensions */,
				5ED10869213E31B6001A6752 /* Foundation.swift */,
				5ED1086A213E31B6001A6752 /* SQLite.h */,
				5ED1086B213E31B6001A6752 /* Typed */,
				5ED10877213E31B6001A6752 /* Info.plist */,
			);
			path = SQLite;
			sourceTree = "<group>";
		};
		5ED1085D213E31B6001A6752 /* Core */ = {
			isa = PBXGroup;
			children = (
				5ED1085E213E31B6001A6752 /* Connection.swift */,
				5ED1085F213E31B6001A6752 /* Blob.swift */,
				5ED10860213E31B6001A6752 /* Errors.swift */,
				5ED10861213E31B6001A6752 /* Statement.swift */,
				5ED10862213E31B6001A6752 /* Value.swift */,
			);
			path = Core;
			sourceTree = "<group>";
		};
		5ED10864213E31B6001A6752 /* Extensions */ = {
			isa = PBXGroup;
			children = (
				5ED10865213E31B6001A6752 /* Cipher.swift */,
				5ED10866213E31B6001A6752 /* RTree.swift */,
				5ED10867213E31B6001A6752 /* FTS4.swift */,
				5ED10868213E31B6001A6752 /* FTS5.swift */,
			);
			path = Extensions;
			sourceTree = "<group>";
		};
		5ED1086B213E31B6001A6752 /* Typed */ = {
			isa = PBXGroup;
			children = (
				5ED1086C213E31B6001A6752 /* Query.swift */,
				5ED1086D213E31B6001A6752 /* Coding.swift */,
				5ED1086E213E31B6001A6752 /* Expression.swift */,
				5ED1086F213E31B6001A6752 /* CoreFunctions.swift */,
				5ED10870213E31B6001A6752 /* Collation.swift */,
				5ED10871213E31B6001A6752 /* CustomFunctions.swift */,
				5ED10872213E31B6001A6752 /* DateAndTimeFunctions.swift */,
				5ED10873213E31B6001A6752 /* Setter.swift */,
				5ED10874213E31B6001A6752 /* Operators.swift */,
				5ED10875213E31B6001A6752 /* Schema.swift */,
				5ED10876213E31B6001A6752 /* AggregateFunctions.swift */,
			);
			path = Typed;
			sourceTree = "<group>";
		};
		5ED1087A213E31B6001A6752 /* Build */ = {
			isa = PBXGroup;
			children = (
				5ED1087B213E31B6001A6752 /* watchOS */,
				5ED1087F213E31B6001A6752 /* .SQLite.swift.version */,
				5ED10880213E31B6001A6752 /* iOS */,
				5ED10885213E31B6001A6752 /* Mac */,
				5ED10888213E31B6001A6752 /* tvOS */,
			);
			path = Build;
			sourceTree = "<group>";
		};
		5ED1087B213E31B6001A6752 /* watchOS */ = {
			isa = PBXGroup;
			children = (
				5ED1087C213E31B6001A6752 /* SQLite.framework.dSYM */,
				5ED1087D213E31B6001A6752 /* 8E9886EE-663A-3DC3-880E-3949086E1D5A.bcsymbolmap */,
				5ED1087E213E31B6001A6752 /* SQLite.framework */,
			);
			path = watchOS;
			sourceTree = "<group>";
		};
		5ED10880213E31B6001A6752 /* iOS */ = {
			isa = PBXGroup;
			children = (
				5ED10881213E31B6001A6752 /* SQLite.framework.dSYM */,
				5ED10882213E31B6001A6752 /* 0DEFA50A-1998-33E2-9638-760D9909632A.bcsymbolmap */,
				5ED10883213E31B6001A6752 /* E3E4C793-999D-3EEC-8F52-25E493E78D52.bcsymbolmap */,
				5ED10884213E31B6001A6752 /* SQLite.framework */,
			);
			path = iOS;
			sourceTree = "<group>";
		};
		5ED10885213E31B6001A6752 /* Mac */ = {
			isa = PBXGroup;
			children = (
				5ED10886213E31B6001A6752 /* SQLite.framework.dSYM */,
				5ED10887213E31B6001A6752 /* SQLite.framework */,
			);
			path = Mac;
			sourceTree = "<group>";
		};
		5ED10888213E31B6001A6752 /* tvOS */ = {
			isa = PBXGroup;
			children = (
				5ED10889213E31B6001A6752 /* SQLite.framework.dSYM */,
				5ED1088A213E31B6001A6752 /* 1198CCEB-1F95-3E3E-8E84-4F62315122FE.bcsymbolmap */,
				5ED1088B213E31B6001A6752 /* SQLite.framework */,
			);
			path = tvOS;
			sourceTree = "<group>";
		};
		5ED108A3213E39D0001A6752 /* Database */ = {
			isa = PBXGroup;
			children = (
				5ED107FB213D5031001A6752 /* Database.swift */,
			);
			path = Database;
			sourceTree = "<group>";
		};
/* End PBXGroup section */

/* Begin PBXHeadersBuildPhase section */
		5E440ABF212D9BB700778393 /* Headers */ = {
			isa = PBXHeadersBuildPhase;
			buildActionMask = 2147483647;
			files = (
				5E440AC6212D9BB700778393 /* testVPNServices.h in Headers */,
			);
			runOnlyForDeploymentPostprocessing = 0;
		};
/* End PBXHeadersBuildPhase section */

/* Begin PBXNativeTarget section */
		5E4409C3212BE35000778393 /* testVPN */ = {
			isa = PBXNativeTarget;
			buildConfigurationList = 5E4409D6212BE35200778393 /* Build configuration list for PBXNativeTarget "testVPN" */;
			buildPhases = (
				5E4409C0212BE35000778393 /* Sources */,
				5E4409C1212BE35000778393 /* Frameworks */,
				5E4409C2212BE35000778393 /* Resources */,
				5E4409EF212BE42400778393 /* Embed App Extensions */,
				5E440A97212D980500778393 /* Embed Frameworks */,
				5ED10801213D596C001A6752 /* Run Script */,
			);
			buildRules = (
			);
			dependencies = (
				5E440A6C212D94C000778393 /* PBXTargetDependency */,
				5E440A7C212D94DB00778393 /* PBXTargetDependency */,
				5E440AC8212D9BB700778393 /* PBXTargetDependency */,
			);
			name = testVPN;
			productName = testVPN;
			productReference = 5E4409C4212BE35000778393 /* testVPN.app */;
			productType = "com.apple.product-type.application";
		};
		5E440A64212D94BF00778393 /* appProxy */ = {
			isa = PBXNativeTarget;
			buildConfigurationList = 5E440A6E212D94C000778393 /* Build configuration list for PBXNativeTarget "appProxy" */;
			buildPhases = (
				5E440A61212D94BF00778393 /* Sources */,
				5E440A62212D94BF00778393 /* Frameworks */,
				5E440A63212D94BF00778393 /* Resources */,
				5ED108A2213E31D7001A6752 /* Run Script */,
			);
			buildRules = (
			);
			dependencies = (
				5E24CB51213182D900E909D5 /* PBXTargetDependency */,
			);
			name = appProxy;
			productName = appProxy;
			productReference = 5E440A65212D94BF00778393 /* appProxy.appex */;
			productType = "com.apple.product-type.app-extension";
		};
		5E440A74212D94DB00778393 /* packetTunnel */ = {
			isa = PBXNativeTarget;
			buildConfigurationList = 5E440A7E212D94DB00778393 /* Build configuration list for PBXNativeTarget "packetTunnel" */;
			buildPhases = (
				5E440A71212D94DB00778393 /* Sources */,
				5E440A72212D94DB00778393 /* Frameworks */,
				5E440A73212D94DB00778393 /* Resources */,
			);
			buildRules = (
			);
			dependencies = (
				5E222C9021302D2E006FC341 /* PBXTargetDependency */,
			);
			name = packetTunnel;
			productName = packetTunnel;
			productReference = 5E440A75212D94DB00778393 /* packetTunnel.appex */;
			productType = "com.apple.product-type.app-extension";
		};
		5E440AC1212D9BB700778393 /* testVPNServices */ = {
			isa = PBXNativeTarget;
			buildConfigurationList = 5E440ACB212D9BB700778393 /* Build configuration list for PBXNativeTarget "testVPNServices" */;
			buildPhases = (
				5E440ABD212D9BB700778393 /* Sources */,
				5E440ABE212D9BB700778393 /* Frameworks */,
				5E440ABF212D9BB700778393 /* Headers */,
				5E440AC0212D9BB700778393 /* Resources */,
			);
			buildRules = (
			);
			dependencies = (
			);
			name = testVPNServices;
			productName = testVPNServices;
			productReference = 5E440AC2212D9BB700778393 /* testVPNServices.framework */;
			productType = "com.apple.product-type.framework";
		};
		5EBD87B021312BF300918CC9 /* tunnel_server */ = {
			isa = PBXNativeTarget;
			buildConfigurationList = 5EBD87B721312BF300918CC9 /* Build configuration list for PBXNativeTarget "tunnel_server" */;
			buildPhases = (
				5EBD87AD21312BF300918CC9 /* Sources */,
				5EBD87AE21312BF300918CC9 /* Frameworks */,
				5EBD87AF21312BF300918CC9 /* CopyFiles */,
			);
			buildRules = (
			);
			dependencies = (
			);
			name = tunnel_server;
			productName = tunnel_server;
			productReference = 5EBD87B121312BF300918CC9 /* tunnel_server */;
			productType = "com.apple.product-type.tool";
		};
/* End PBXNativeTarget section */

/* Begin PBXProject section */
		5E4409BC212BE35000778393 /* Project object */ = {
			isa = PBXProject;
			attributes = {
				LastSwiftUpdateCheck = 0940;
				LastUpgradeCheck = 0940;
				ORGANIZATIONNAME = NUDT;
				TargetAttributes = {
					5E4409C3212BE35000778393 = {
						CreatedOnToolsVersion = 9.4.1;
						SystemCapabilities = {
							com.apple.ApplicationGroups.iOS = {
								enabled = 1;
							};
							com.apple.BackgroundModes = {
								enabled = 1;
							};
							com.apple.Keychain = {
								enabled = 1;
							};
							com.apple.NetworkExtensions.iOS = {
								enabled = 1;
							};
							com.apple.VPNLite = {
								enabled = 1;
							};
						};
					};
					5E440A64212D94BF00778393 = {
						CreatedOnToolsVersion = 9.4.1;
						SystemCapabilities = {
							com.apple.Keychain = {
								enabled = 1;
							};
							com.apple.NetworkExtensions.iOS = {
								enabled = 1;
							};
							com.apple.VPNLite = {
								enabled = 1;
							};
						};
					};
					5E440A74212D94DB00778393 = {
						CreatedOnToolsVersion = 9.4.1;
						SystemCapabilities = {
							com.apple.Keychain = {
								enabled = 1;
							};
							com.apple.NetworkExtensions.iOS = {
								enabled = 1;
							};
							com.apple.VPNLite = {
								enabled = 1;
							};
						};
					};
					5E440AC1212D9BB700778393 = {
						CreatedOnToolsVersion = 9.4.1;
						LastSwiftMigration = 0940;
					};
					5EBD87B021312BF300918CC9 = {
						CreatedOnToolsVersion = 9.4.1;
						LastSwiftMigration = 0940;
					};
				};
			};
			buildConfigurationList = 5E4409BF212BE35000778393 /* Build configuration list for PBXProject "testVPN" */;
			compatibilityVersion = "Xcode 9.3";
			developmentRegion = en;
			hasScannedForEncodings = 0;
			knownRegions = (
				en,
				Base,
			);
			mainGroup = 5E4409BB212BE35000778393;
			productRefGroup = 5E4409C5212BE35000778393 /* Products */;
			projectDirPath = "";
			projectReferences = (
				{
					ProductGroup = 5ED1084F213E31B6001A6752 /* Products */;
					ProjectRef = 5ED1084E213E31B6001A6752 /* SQLite.xcodeproj */;
				},
			);
			projectRoot = "";
			targets = (
				5E4409C3212BE35000778393 /* testVPN */,
				5E440A64212D94BF00778393 /* appProxy */,
				5E440A74212D94DB00778393 /* packetTunnel */,
				5E440AC1212D9BB700778393 /* testVPNServices */,
				5EBD87B021312BF300918CC9 /* tunnel_server */,
			);
		};
/* End PBXProject section */

/* Begin PBXReferenceProxy section */
		5ED10894213E31B6001A6752 /* SQLite.framework */ = {
			isa = PBXReferenceProxy;
			fileType = wrapper.framework;
			path = SQLite.framework;
			remoteRef = 5ED10893213E31B6001A6752 /* PBXContainerItemProxy */;
			sourceTree = BUILT_PRODUCTS_DIR;
		};
		5ED10896213E31B6001A6752 /* SQLiteTests iOS.xctest */ = {
			isa = PBXReferenceProxy;
			fileType = wrapper.cfbundle;
			path = "SQLiteTests iOS.xctest";
			remoteRef = 5ED10895213E31B6001A6752 /* PBXContainerItemProxy */;
			sourceTree = BUILT_PRODUCTS_DIR;
		};
		5ED10898213E31B6001A6752 /* SQLite.framework */ = {
			isa = PBXReferenceProxy;
			fileType = wrapper.framework;
			path = SQLite.framework;
			remoteRef = 5ED10897213E31B6001A6752 /* PBXContainerItemProxy */;
			sourceTree = BUILT_PRODUCTS_DIR;
		};
		5ED1089A213E31B6001A6752 /* SQLiteTests Mac.xctest */ = {
			isa = PBXReferenceProxy;
			fileType = wrapper.cfbundle;
			path = "SQLiteTests Mac.xctest";
			remoteRef = 5ED10899213E31B6001A6752 /* PBXContainerItemProxy */;
			sourceTree = BUILT_PRODUCTS_DIR;
		};
		5ED1089C213E31B6001A6752 /* SQLite.framework */ = {
			isa = PBXReferenceProxy;
			fileType = wrapper.framework;
			path = SQLite.framework;
			remoteRef = 5ED1089B213E31B6001A6752 /* PBXContainerItemProxy */;
			sourceTree = BUILT_PRODUCTS_DIR;
		};
		5ED1089E213E31B6001A6752 /* SQLiteTests tvOS.xctest */ = {
			isa = PBXReferenceProxy;
			fileType = wrapper.cfbundle;
			path = "SQLiteTests tvOS.xctest";
			remoteRef = 5ED1089D213E31B6001A6752 /* PBXContainerItemProxy */;
			sourceTree = BUILT_PRODUCTS_DIR;
		};
		5ED108A0213E31B6001A6752 /* SQLite.framework */ = {
			isa = PBXReferenceProxy;
			fileType = wrapper.framework;
			path = SQLite.framework;
			remoteRef = 5ED1089F213E31B6001A6752 /* PBXContainerItemProxy */;
			sourceTree = BUILT_PRODUCTS_DIR;
		};
/* End PBXReferenceProxy section */

/* Begin PBXResourcesBuildPhase section */
		5E4409C2212BE35000778393 /* Resources */ = {
			isa = PBXResourcesBuildPhase;
			buildActionMask = 2147483647;
			files = (
				5E4409D2212BE35200778393 /* LaunchScreen.storyboard in Resources */,
				5E4409CF212BE35200778393 /* Assets.xcassets in Resources */,
				5E4409CD212BE35000778393 /* Main.storyboard in Resources */,
			);
			runOnlyForDeploymentPostprocessing = 0;
		};
		5E440A63212D94BF00778393 /* Resources */ = {
			isa = PBXResourcesBuildPhase;
			buildActionMask = 2147483647;
			files = (
			);
			runOnlyForDeploymentPostprocessing = 0;
		};
		5E440A73212D94DB00778393 /* Resources */ = {
			isa = PBXResourcesBuildPhase;
			buildActionMask = 2147483647;
			files = (
			);
			runOnlyForDeploymentPostprocessing = 0;
		};
		5E440AC0212D9BB700778393 /* Resources */ = {
			isa = PBXResourcesBuildPhase;
			buildActionMask = 2147483647;
			files = (
			);
			runOnlyForDeploymentPostprocessing = 0;
		};
/* End PBXResourcesBuildPhase section */

/* Begin PBXShellScriptBuildPhase section */
		5ED10801213D596C001A6752 /* Run Script */ = {
			isa = PBXShellScriptBuildPhase;
			buildActionMask = 2147483647;
			files = (
			);
			inputPaths = (
				"$(SRCROOT)/Carthage/Build/iOS/SQLite.framework",
			);
			name = "Run Script";
			outputPaths = (
			);
			runOnlyForDeploymentPostprocessing = 0;
			shellPath = /bin/bash;
			shellScript = "/usr/local/bin/carthage copy-frameworks\n";
		};
		5ED108A2213E31D7001A6752 /* Run Script */ = {
			isa = PBXShellScriptBuildPhase;
			buildActionMask = 2147483647;
			files = (
			);
			inputPaths = (
				"$(SRCROOT)/Carthage/Build/iOS/SQLite.framework",
				"$(SRCROOT)/Carthage/Build/iOS/CocoaAsyncSocket.framework",
			);
			name = "Run Script";
			outputPaths = (
			);
			runOnlyForDeploymentPostprocessing = 0;
			shellPath = /bin/sh;
			shellScript = "/usr/local/bin/carthage copy-frameworks\n";
		};
/* End PBXShellScriptBuildPhase section */

/* Begin PBXSourcesBuildPhase section */
		5E4409C0212BE35000778393 /* Sources */ = {
			isa = PBXSourcesBuildPhase;
			buildActionMask = 2147483647;
			files = (
				5E19A512214CE26100D2C358 /* PerAppProxyTableViewController.swift in Sources */,
				5E19A514214CE26E00D2C358 /* VPNConfigurationTableViewController.swift in Sources */,
				5E19A522214E3AA000D2C358 /* VPNConfiguration.swift in Sources */,
				5E19A510214CE25300D2C358 /* VPNTableViewController.swift in Sources */,
				5E19A51C214E29EB00D2C358 /* ImageLabelTableViewCell.swift in Sources */,
				5E19A51A214CE84300D2C358 /* ButtonTableViewCell.swift in Sources */,
				5E61941B214FC7EA00FE8C6A /* NetlogsTableViewController.swift in Sources */,
				5E19A50E214CE1F700D2C358 /* NetlogTableViewCell.swift in Sources */,
				5E98A04721B3EA3D0002B1B4 /* locationTracker.swift in Sources */,
				5E19A524214E3AC000D2C358 /* utils.swift in Sources */,
				5ED107FC213D5031001A6752 /* Database.swift in Sources */,
				5E19A50A214CE16200D2C358 /* SwitchTableViewCell.swift in Sources */,
				5EB87C3521B2BF84007B94DD /* TableViewController.swift in Sources */,
				5E19A520214E329700D2C358 /* VPNDetailTableViewController.swift in Sources */,
				5E577E1621BA2FB400CA82E4 /* Reachability.swift in Sources */,
				5E19A518214CE2EF00D2C358 /* PerAppProxyConfigurationTableViewController.swift in Sources */,
				5E4409C8212BE35000778393 /* AppDelegate.swift in Sources */,
				5E19A50C214CE17000D2C358 /* NameValueTableViewCell.swift in Sources */,
			);
			runOnlyForDeploymentPostprocessing = 0;
		};
		5E440A61212D94BF00778393 /* Sources */ = {
			isa = PBXSourcesBuildPhase;
			buildActionMask = 2147483647;
			files = (
				5E577E1721BA302F00CA82E4 /* Reachability.swift in Sources */,
				5ED108A4213E3E55001A6752 /* Database.swift in Sources */,
				5E440A68212D94C000778393 /* AppProxyProvider.swift in Sources */,
				5E24CB4E213181E000E909D5 /* ClientAppProxyConnection.swift in Sources */,
			);
			runOnlyForDeploymentPostprocessing = 0;
		};
		5E440A71212D94DB00778393 /* Sources */ = {
			isa = PBXSourcesBuildPhase;
			buildActionMask = 2147483647;
			files = (
				5E222C8E21302BA1006FC341 /* ClientTunnelConnection.swift in Sources */,
				5E440A78212D94DB00778393 /* PacketTunnelProvider.swift in Sources */,
			);
			runOnlyForDeploymentPostprocessing = 0;
		};
		5E440ABD212D9BB700778393 /* Sources */ = {
			isa = PBXSourcesBuildPhase;
			buildActionMask = 2147483647;
			files = (
				5E10695D2140314200184A1E /* Database.swift in Sources */,
				5ED108A6213EAF79001A6752 /* testVPNServices-Bridging-Header.h in Sources */,
				5E222C87212DA9D6006FC341 /* ClientTunnel.swift in Sources */,
				5E222C89212DAD51006FC341 /* Tunnel.swift in Sources */,
				5E440AD1212D9CAD00778393 /* util.swift in Sources */,
				5E815393218ED1DE003F4163 /* SOCKS5Enums.swift in Sources */,
				5E222C8B212FD2DC006FC341 /* Connection.swift in Sources */,
			);
			runOnlyForDeploymentPostprocessing = 0;
		};
		5EBD87AD21312BF300918CC9 /* Sources */ = {
			isa = PBXSourcesBuildPhase;
			buildActionMask = 2147483647;
			files = (
				5EBD87C021312C6C00918CC9 /* ServerTunnel.swift in Sources */,
				5EBD87C921312E1D00918CC9 /* Tunnel.swift in Sources */,
				5EBD87BE21312C6200918CC9 /* ServerConnection.swift in Sources */,
				5EBD87CB21312E2A00918CC9 /* util.swift in Sources */,
				5EBD87C621312CD800918CC9 /* ServerTunnelConnection.swift in Sources */,
				5EBD87BA21312C4000918CC9 /* AddressPool.swift in Sources */,
				5EBD87B421312BF300918CC9 /* main.swift in Sources */,
				5EBD87BC21312C5400918CC9 /* ServerConfiguration.swift in Sources */,
				5EBD87C821312CEA00918CC9 /* UDPServerConnection.swift in Sources */,
				5EBD87CA21312E1D00918CC9 /* Connection.swift in Sources */,
				5EBD87C321312CAE00918CC9 /* ServerUtils.m in Sources */,
			);
			runOnlyForDeploymentPostprocessing = 0;
		};
/* End PBXSourcesBuildPhase section */

/* Begin PBXTargetDependency section */
		5E222C9021302D2E006FC341 /* PBXTargetDependency */ = {
			isa = PBXTargetDependency;
			target = 5E440AC1212D9BB700778393 /* testVPNServices */;
			targetProxy = 5E222C8F21302D2E006FC341 /* PBXContainerItemProxy */;
		};
		5E24CB51213182D900E909D5 /* PBXTargetDependency */ = {
			isa = PBXTargetDependency;
			target = 5E440AC1212D9BB700778393 /* testVPNServices */;
			targetProxy = 5E24CB50213182D900E909D5 /* PBXContainerItemProxy */;
		};
		5E440A6C212D94C000778393 /* PBXTargetDependency */ = {
			isa = PBXTargetDependency;
			target = 5E440A64212D94BF00778393 /* appProxy */;
			targetProxy = 5E440A6B212D94C000778393 /* PBXContainerItemProxy */;
		};
		5E440A7C212D94DB00778393 /* PBXTargetDependency */ = {
			isa = PBXTargetDependency;
			target = 5E440A74212D94DB00778393 /* packetTunnel */;
			targetProxy = 5E440A7B212D94DB00778393 /* PBXContainerItemProxy */;
		};
		5E440AC8212D9BB700778393 /* PBXTargetDependency */ = {
			isa = PBXTargetDependency;
			target = 5E440AC1212D9BB700778393 /* testVPNServices */;
			targetProxy = 5E440AC7212D9BB700778393 /* PBXContainerItemProxy */;
		};
/* End PBXTargetDependency section */

/* Begin PBXVariantGroup section */
		5E4409CB212BE35000778393 /* Main.storyboard */ = {
			isa = PBXVariantGroup;
			children = (
				5E4409CC212BE35000778393 /* Base */,
			);
			name = Main.storyboard;
			sourceTree = "<group>";
		};
		5E4409D0212BE35200778393 /* LaunchScreen.storyboard */ = {
			isa = PBXVariantGroup;
			children = (
				5E4409D1212BE35200778393 /* Base */,
			);
			name = LaunchScreen.storyboard;
			sourceTree = "<group>";
		};
/* End PBXVariantGroup section */

/* Begin XCBuildConfiguration section */
		5E4409D4212BE35200778393 /* Debug */ = {
			isa = XCBuildConfiguration;
			buildSettings = {
				ALWAYS_SEARCH_USER_PATHS = NO;
				CLANG_ANALYZER_NONNULL = YES_NONAGGRESSIVE;
				CLANG_ANALYZER_NUMBER_OBJECT_CONVERSION = YES;
				CLANG_CXX_LANGUAGE_STANDARD = "c++0x";
				CLANG_CXX_LIBRARY = "libc++";
				CLANG_ENABLE_MODULES = YES;
				CLANG_ENABLE_OBJC_ARC = YES;
				CLANG_ENABLE_OBJC_WEAK = NO;
				CLANG_WARN_BLOCK_CAPTURE_AUTORELEASING = NO;
				CLANG_WARN_BOOL_CONVERSION = YES;
				CLANG_WARN_COMMA = NO;
				CLANG_WARN_CONSTANT_CONVERSION = YES;
				CLANG_WARN_DEPRECATED_OBJC_IMPLEMENTATIONS = YES;
				CLANG_WARN_DIRECT_OBJC_ISA_USAGE = YES_ERROR;
				CLANG_WARN_DOCUMENTATION_COMMENTS = NO;
				CLANG_WARN_EMPTY_BODY = YES;
				CLANG_WARN_ENUM_CONVERSION = YES;
				CLANG_WARN_INFINITE_RECURSION = YES;
				CLANG_WARN_INT_CONVERSION = YES;
				CLANG_WARN_NON_LITERAL_NULL_CONVERSION = NO;
				CLANG_WARN_OBJC_IMPLICIT_RETAIN_SELF = NO;
				CLANG_WARN_OBJC_LITERAL_CONVERSION = YES;
				CLANG_WARN_OBJC_ROOT_CLASS = YES_ERROR;
				CLANG_WARN_RANGE_LOOP_ANALYSIS = NO;
				CLANG_WARN_STRICT_PROTOTYPES = NO;
				CLANG_WARN_SUSPICIOUS_MOVE = YES;
				CLANG_WARN_UNGUARDED_AVAILABILITY = YES;
				CLANG_WARN_UNREACHABLE_CODE = YES;
				CLANG_WARN__DUPLICATE_METHOD_MATCH = YES;
				CODE_SIGN_IDENTITY = "";
				COPY_PHASE_STRIP = NO;
				DEBUG_INFORMATION_FORMAT = "dwarf-with-dsym";
				ENABLE_STRICT_OBJC_MSGSEND = YES;
				ENABLE_TESTABILITY = YES;
				GCC_C_LANGUAGE_STANDARD = gnu99;
				GCC_DYNAMIC_NO_PIC = NO;
				GCC_NO_COMMON_BLOCKS = YES;
				GCC_OPTIMIZATION_LEVEL = 0;
				GCC_PREPROCESSOR_DEFINITIONS = (
					"DEBUG=1",
					"$(inherited)",
				);
				GCC_WARN_64_TO_32_BIT_CONVERSION = YES;
				GCC_WARN_ABOUT_RETURN_TYPE = YES_ERROR;
				GCC_WARN_UNDECLARED_SELECTOR = YES;
				GCC_WARN_UNINITIALIZED_AUTOS = YES_AGGRESSIVE;
				GCC_WARN_UNUSED_FUNCTION = YES;
				GCC_WARN_UNUSED_VARIABLE = YES;
				IPHONEOS_DEPLOYMENT_TARGET = 9.0;
				MTL_ENABLE_DEBUG_INFO = YES;
				ONLY_ACTIVE_ARCH = YES;
				SDKROOT = iphoneos;
				SWIFT_OPTIMIZATION_LEVEL = "-Onone";
				SWIFT_VERSION = 3.0;
				VALID_ARCHS = "arm64 armv4t armv5 armv6 armv6m armv7 armv7em armv7f armv7m armv7s xscale";
			};
			name = Debug;
		};
		5E4409D5212BE35200778393 /* Release */ = {
			isa = XCBuildConfiguration;
			buildSettings = {
				ALWAYS_SEARCH_USER_PATHS = NO;
				CLANG_ANALYZER_NONNULL = YES_NONAGGRESSIVE;
				CLANG_ANALYZER_NUMBER_OBJECT_CONVERSION = YES;
				CLANG_CXX_LANGUAGE_STANDARD = "c++0x";
				CLANG_CXX_LIBRARY = "libc++";
				CLANG_ENABLE_MODULES = YES;
				CLANG_ENABLE_OBJC_ARC = YES;
				CLANG_ENABLE_OBJC_WEAK = NO;
				CLANG_WARN_BLOCK_CAPTURE_AUTORELEASING = NO;
				CLANG_WARN_BOOL_CONVERSION = YES;
				CLANG_WARN_COMMA = NO;
				CLANG_WARN_CONSTANT_CONVERSION = YES;
				CLANG_WARN_DEPRECATED_OBJC_IMPLEMENTATIONS = YES;
				CLANG_WARN_DIRECT_OBJC_ISA_USAGE = YES_ERROR;
				CLANG_WARN_DOCUMENTATION_COMMENTS = NO;
				CLANG_WARN_EMPTY_BODY = YES;
				CLANG_WARN_ENUM_CONVERSION = YES;
				CLANG_WARN_INFINITE_RECURSION = YES;
				CLANG_WARN_INT_CONVERSION = YES;
				CLANG_WARN_NON_LITERAL_NULL_CONVERSION = NO;
				CLANG_WARN_OBJC_IMPLICIT_RETAIN_SELF = NO;
				CLANG_WARN_OBJC_LITERAL_CONVERSION = YES;
				CLANG_WARN_OBJC_ROOT_CLASS = YES_ERROR;
				CLANG_WARN_RANGE_LOOP_ANALYSIS = NO;
				CLANG_WARN_STRICT_PROTOTYPES = NO;
				CLANG_WARN_SUSPICIOUS_MOVE = YES;
				CLANG_WARN_UNGUARDED_AVAILABILITY = YES;
				CLANG_WARN_UNREACHABLE_CODE = YES;
				CLANG_WARN__DUPLICATE_METHOD_MATCH = YES;
				CODE_SIGN_IDENTITY = "";
				COPY_PHASE_STRIP = NO;
				DEBUG_INFORMATION_FORMAT = "dwarf-with-dsym";
				ENABLE_NS_ASSERTIONS = NO;
				ENABLE_STRICT_OBJC_MSGSEND = YES;
				GCC_C_LANGUAGE_STANDARD = gnu99;
				GCC_NO_COMMON_BLOCKS = YES;
				GCC_WARN_64_TO_32_BIT_CONVERSION = YES;
				GCC_WARN_ABOUT_RETURN_TYPE = YES_ERROR;
				GCC_WARN_UNDECLARED_SELECTOR = YES;
				GCC_WARN_UNINITIALIZED_AUTOS = YES_AGGRESSIVE;
				GCC_WARN_UNUSED_FUNCTION = YES;
				GCC_WARN_UNUSED_VARIABLE = YES;
				IPHONEOS_DEPLOYMENT_TARGET = 9.0;
				MTL_ENABLE_DEBUG_INFO = NO;
				SDKROOT = iphoneos;
				SWIFT_COMPILATION_MODE = wholemodule;
				SWIFT_OPTIMIZATION_LEVEL = "-O";
				SWIFT_VERSION = 3.0;
				VALIDATE_PRODUCT = YES;
				VALID_ARCHS = "arm64 armv4t armv5 armv6 armv6m armv7 armv7em armv7f armv7m armv7s xscale";
			};
			name = Release;
		};
		5E4409D7212BE35200778393 /* Debug */ = {
			isa = XCBuildConfiguration;
			buildSettings = {
				ALWAYS_EMBED_SWIFT_STANDARD_LIBRARIES = YES;
				ASSETCATALOG_COMPILER_APPICON_NAME = AppIcon;
				CODE_SIGN_ENTITLEMENTS = testVPN/testVPN.entitlements;
				CODE_SIGN_IDENTITY = "iPhone Developer";
				CODE_SIGN_STYLE = Automatic;
				DEVELOPMENT_TEAM = 7P83LW5SGA;
				FRAMEWORK_SEARCH_PATHS = (
					"$(inherited)",
					"$(PROJECT_DIR)/Carthage/Build/iOS",
					"$(PROJECT_DIR)",
				);
				INFOPLIST_FILE = testVPN/Info.plist;
				LD_RUNPATH_SEARCH_PATHS = (
					"$(inherited)",
					"@executable_path/Frameworks",
				);
				PRODUCT_BUNDLE_IDENTIFIER = cn.edu.nudt.testVPN;
				PRODUCT_NAME = "$(TARGET_NAME)";
				PROVISIONING_PROFILE_SPECIFIER = "";
				SWIFT_OBJC_BRIDGING_HEADER = "BDLocation/BMKSwiftDemo-Bridging-Header.h";
				SWIFT_VERSION = 3.0;
				TARGETED_DEVICE_FAMILY = "1,2";
				USER_HEADER_SEARCH_PATHS = "";
			};
			name = Debug;
		};
		5E4409D8212BE35200778393 /* Release */ = {
			isa = XCBuildConfiguration;
			buildSettings = {
				ALWAYS_EMBED_SWIFT_STANDARD_LIBRARIES = YES;
				ASSETCATALOG_COMPILER_APPICON_NAME = AppIcon;
				CODE_SIGN_ENTITLEMENTS = testVPN/testVPN.entitlements;
				CODE_SIGN_IDENTITY = "iPhone Developer";
				CODE_SIGN_STYLE = Automatic;
				DEVELOPMENT_TEAM = 7P83LW5SGA;
				FRAMEWORK_SEARCH_PATHS = (
					"$(inherited)",
					"$(PROJECT_DIR)/Carthage/Build/iOS",
					"$(PROJECT_DIR)",
				);
				INFOPLIST_FILE = testVPN/Info.plist;
				LD_RUNPATH_SEARCH_PATHS = (
					"$(inherited)",
					"@executable_path/Frameworks",
				);
				PRODUCT_BUNDLE_IDENTIFIER = cn.edu.nudt.testVPN;
				PRODUCT_NAME = "$(TARGET_NAME)";
				PROVISIONING_PROFILE_SPECIFIER = "";
				SWIFT_OBJC_BRIDGING_HEADER = "BDLocation/BMKSwiftDemo-Bridging-Header.h";
				SWIFT_VERSION = 3.0;
				TARGETED_DEVICE_FAMILY = "1,2";
				USER_HEADER_SEARCH_PATHS = "";
			};
			name = Release;
		};
		5E440A6F212D94C000778393 /* Debug */ = {
			isa = XCBuildConfiguration;
			buildSettings = {
				CODE_SIGN_ENTITLEMENTS = appProxy/appProxy.entitlements;
				CODE_SIGN_IDENTITY = "iPhone Developer";
				CODE_SIGN_STYLE = Automatic;
				DEVELOPMENT_TEAM = 7P83LW5SGA;
				FRAMEWORK_SEARCH_PATHS = (
					"$(inherited)",
					"$(PROJECT_DIR)/Carthage/Build/iOS",
				);
				INFOPLIST_FILE = appProxy/Info.plist;
				LD_RUNPATH_SEARCH_PATHS = (
					"$(inherited)",
					"@executable_path/Frameworks",
					"@executable_path/../../Frameworks",
				);
				PRODUCT_BUNDLE_IDENTIFIER = cn.edu.nudt.testVPN.appProxy;
				PRODUCT_NAME = "$(TARGET_NAME)";
				PROVISIONING_PROFILE_SPECIFIER = "";
				SKIP_INSTALL = YES;
				SWIFT_VERSION = 3.0;
				TARGETED_DEVICE_FAMILY = "1,2";
			};
			name = Debug;
		};
		5E440A70212D94C000778393 /* Release */ = {
			isa = XCBuildConfiguration;
			buildSettings = {
				CODE_SIGN_ENTITLEMENTS = appProxy/appProxy.entitlements;
				CODE_SIGN_IDENTITY = "iPhone Developer";
				CODE_SIGN_STYLE = Automatic;
				DEVELOPMENT_TEAM = 7P83LW5SGA;
				FRAMEWORK_SEARCH_PATHS = (
					"$(inherited)",
					"$(PROJECT_DIR)/Carthage/Build/iOS",
				);
				INFOPLIST_FILE = appProxy/Info.plist;
				LD_RUNPATH_SEARCH_PATHS = (
					"$(inherited)",
					"@executable_path/Frameworks",
					"@executable_path/../../Frameworks",
				);
				PRODUCT_BUNDLE_IDENTIFIER = cn.edu.nudt.testVPN.appProxy;
				PRODUCT_NAME = "$(TARGET_NAME)";
				PROVISIONING_PROFILE_SPECIFIER = "";
				SKIP_INSTALL = YES;
				SWIFT_VERSION = 3.0;
				TARGETED_DEVICE_FAMILY = "1,2";
			};
			name = Release;
		};
		5E440A7F212D94DB00778393 /* Debug */ = {
			isa = XCBuildConfiguration;
			buildSettings = {
				CODE_SIGN_ENTITLEMENTS = packetTunnel/packetTunnel.entitlements;
				CODE_SIGN_IDENTITY = "iPhone Developer";
				CODE_SIGN_STYLE = Automatic;
				DEVELOPMENT_TEAM = 7P83LW5SGA;
				INFOPLIST_FILE = packetTunnel/Info.plist;
				LD_RUNPATH_SEARCH_PATHS = (
					"$(inherited)",
					"@executable_path/Frameworks",
					"@executable_path/../../Frameworks",
				);
				PRODUCT_BUNDLE_IDENTIFIER = cn.edu.nudt.testVPN.packetTunnel;
				PRODUCT_NAME = "$(TARGET_NAME)";
				PROVISIONING_PROFILE_SPECIFIER = "";
				SKIP_INSTALL = YES;
				SWIFT_VERSION = 3.0;
				TARGETED_DEVICE_FAMILY = "1,2";
			};
			name = Debug;
		};
		5E440A80212D94DB00778393 /* Release */ = {
			isa = XCBuildConfiguration;
			buildSettings = {
				CODE_SIGN_ENTITLEMENTS = packetTunnel/packetTunnel.entitlements;
				CODE_SIGN_IDENTITY = "iPhone Developer";
				CODE_SIGN_STYLE = Automatic;
				DEVELOPMENT_TEAM = 7P83LW5SGA;
				INFOPLIST_FILE = packetTunnel/Info.plist;
				LD_RUNPATH_SEARCH_PATHS = (
					"$(inherited)",
					"@executable_path/Frameworks",
					"@executable_path/../../Frameworks",
				);
				PRODUCT_BUNDLE_IDENTIFIER = cn.edu.nudt.testVPN.packetTunnel;
				PRODUCT_NAME = "$(TARGET_NAME)";
				PROVISIONING_PROFILE_SPECIFIER = "";
				SKIP_INSTALL = YES;
				SWIFT_VERSION = 3.0;
				TARGETED_DEVICE_FAMILY = "1,2";
			};
			name = Release;
		};
		5E440ACC212D9BB700778393 /* Debug */ = {
			isa = XCBuildConfiguration;
			buildSettings = {
				CLANG_ENABLE_MODULES = YES;
				CODE_SIGN_IDENTITY = "";
				CODE_SIGN_STYLE = Automatic;
				CURRENT_PROJECT_VERSION = 1;
				DEFINES_MODULE = YES;
				DEVELOPMENT_TEAM = 7P83LW5SGA;
				DYLIB_COMPATIBILITY_VERSION = 1;
				DYLIB_CURRENT_VERSION = 1;
				DYLIB_INSTALL_NAME_BASE = "@rpath";
				INFOPLIST_FILE = testVPNServices/Info.plist;
				INSTALL_PATH = "$(LOCAL_LIBRARY_DIR)/Frameworks";
				LD_RUNPATH_SEARCH_PATHS = (
					"$(inherited)",
					"@executable_path/Frameworks",
					"@loader_path/Frameworks",
				);
				PRODUCT_BUNDLE_IDENTIFIER = cn.edu.nudt.testVPNServices;
				PRODUCT_NAME = "$(TARGET_NAME:c99extidentifier)";
				SKIP_INSTALL = YES;
				SWIFT_OPTIMIZATION_LEVEL = "-Onone";
				SWIFT_VERSION = 3.0;
				TARGETED_DEVICE_FAMILY = "1,2";
				VERSIONING_SYSTEM = "apple-generic";
				VERSION_INFO_PREFIX = "";
			};
			name = Debug;
		};
		5E440ACD212D9BB700778393 /* Release */ = {
			isa = XCBuildConfiguration;
			buildSettings = {
				CLANG_ENABLE_MODULES = YES;
				CODE_SIGN_IDENTITY = "";
				CODE_SIGN_STYLE = Automatic;
				CURRENT_PROJECT_VERSION = 1;
				DEFINES_MODULE = YES;
				DEVELOPMENT_TEAM = 7P83LW5SGA;
				DYLIB_COMPATIBILITY_VERSION = 1;
				DYLIB_CURRENT_VERSION = 1;
				DYLIB_INSTALL_NAME_BASE = "@rpath";
				INFOPLIST_FILE = testVPNServices/Info.plist;
				INSTALL_PATH = "$(LOCAL_LIBRARY_DIR)/Frameworks";
				LD_RUNPATH_SEARCH_PATHS = (
					"$(inherited)",
					"@executable_path/Frameworks",
					"@loader_path/Frameworks",
				);
				PRODUCT_BUNDLE_IDENTIFIER = cn.edu.nudt.testVPNServices;
				PRODUCT_NAME = "$(TARGET_NAME:c99extidentifier)";
				SKIP_INSTALL = YES;
				SWIFT_VERSION = 3.0;
				TARGETED_DEVICE_FAMILY = "1,2";
				VERSIONING_SYSTEM = "apple-generic";
				VERSION_INFO_PREFIX = "";
			};
			name = Release;
		};
		5EBD87B521312BF300918CC9 /* Debug */ = {
			isa = XCBuildConfiguration;
			buildSettings = {
				CLANG_ENABLE_MODULES = YES;
				CLANG_ENABLE_OBJC_WEAK = NO;
				CODE_SIGN_IDENTITY = "Mac Developer";
				CODE_SIGN_STYLE = Automatic;
				COMPILER_INDEX_STORE_ENABLE = Default;
				DEVELOPMENT_TEAM = 7P83LW5SGA;
				INFOPLIST_FILE = "$(SRCROOT)/tunnel_server/config.plist";
				LD_RUNPATH_SEARCH_PATHS = (
					"$(inherited)",
					"@executable_path/../Frameworks",
					"@loader_path/../Frameworks",
				);
				MACOSX_DEPLOYMENT_TARGET = 10.13;
				PRODUCT_NAME = "$(TARGET_NAME)";
				SDKROOT = macosx;
				SWIFT_OBJC_BRIDGING_HEADER = "tunnel_server/tunnel_server-Bridging-Header.h";
				SWIFT_OPTIMIZATION_LEVEL = "-Onone";
				SWIFT_VERSION = 3.0;
				VALID_ARCHS = x86_64;
			};
			name = Debug;
		};
		5EBD87B621312BF300918CC9 /* Release */ = {
			isa = XCBuildConfiguration;
			buildSettings = {
				CLANG_ENABLE_MODULES = YES;
				CLANG_ENABLE_OBJC_WEAK = NO;
				CODE_SIGN_IDENTITY = "Mac Developer";
				CODE_SIGN_STYLE = Automatic;
				COMPILER_INDEX_STORE_ENABLE = Default;
				DEVELOPMENT_TEAM = 7P83LW5SGA;
				INFOPLIST_FILE = "$(SRCROOT)/tunnel_server/config.plist";
				LD_RUNPATH_SEARCH_PATHS = (
					"$(inherited)",
					"@executable_path/../Frameworks",
					"@loader_path/../Frameworks",
				);
				MACOSX_DEPLOYMENT_TARGET = 10.13;
				PRODUCT_NAME = "$(TARGET_NAME)";
				SDKROOT = macosx;
				SWIFT_OBJC_BRIDGING_HEADER = "tunnel_server/tunnel_server-Bridging-Header.h";
				SWIFT_VERSION = 3.0;
				VALID_ARCHS = x86_64;
			};
			name = Release;
		};
/* End XCBuildConfiguration section */

/* Begin XCConfigurationList section */
		5E4409BF212BE35000778393 /* Build configuration list for PBXProject "testVPN" */ = {
			isa = XCConfigurationList;
			buildConfigurations = (
				5E4409D4212BE35200778393 /* Debug */,
				5E4409D5212BE35200778393 /* Release */,
			);
			defaultConfigurationIsVisible = 0;
			defaultConfigurationName = Release;
		};
		5E4409D6212BE35200778393 /* Build configuration list for PBXNativeTarget "testVPN" */ = {
			isa = XCConfigurationList;
			buildConfigurations = (
				5E4409D7212BE35200778393 /* Debug */,
				5E4409D8212BE35200778393 /* Release */,
			);
			defaultConfigurationIsVisible = 0;
			defaultConfigurationName = Release;
		};
		5E440A6E212D94C000778393 /* Build configuration list for PBXNativeTarget "appProxy" */ = {
			isa = XCConfigurationList;
			buildConfigurations = (
				5E440A6F212D94C000778393 /* Debug */,
				5E440A70212D94C000778393 /* Release */,
			);
			defaultConfigurationIsVisible = 0;
			defaultConfigurationName = Release;
		};
		5E440A7E212D94DB00778393 /* Build configuration list for PBXNativeTarget "packetTunnel" */ = {
			isa = XCConfigurationList;
			buildConfigurations = (
				5E440A7F212D94DB00778393 /* Debug */,
				5E440A80212D94DB00778393 /* Release */,
			);
			defaultConfigurationIsVisible = 0;
			defaultConfigurationName = Release;
		};
		5E440ACB212D9BB700778393 /* Build configuration list for PBXNativeTarget "testVPNServices" */ = {
			isa = XCConfigurationList;
			buildConfigurations = (
				5E440ACC212D9BB700778393 /* Debug */,
				5E440ACD212D9BB700778393 /* Release */,
			);
			defaultConfigurationIsVisible = 0;
			defaultConfigurationName = Release;
		};
		5EBD87B721312BF300918CC9 /* Build configuration list for PBXNativeTarget "tunnel_server" */ = {
			isa = XCConfigurationList;
			buildConfigurations = (
				5EBD87B521312BF300918CC9 /* Debug */,
				5EBD87B621312BF300918CC9 /* Release */,
			);
			defaultConfigurationIsVisible = 0;
			defaultConfigurationName = Release;
		};
/* End XCConfigurationList section */
	};
	rootObject = 5E4409BC212BE35000778393 /* Project object */;
}
